{
  "originHash" : "219543765af46ab271a6c6a61a512ea4872d9c315143982893f6fe33c49c3235",
  "pins" : [
    {
      "identity" : "licenselist",
      "kind" : "remoteSourceControl",
      "location" : "https://github.com/cybozu/LicenseList.git",
      "state" : {
        "revision" : "a0a1784aa60dcdafbc30cb2ffbac90544b46100a",
        "version" : "2.1.0"
      }
    },
    {
      "identity" : "swift-log",
      "kind" : "remoteSourceControl",
      "location" : "https://github.com/apple/swift-log.git",
      "state" : {
        "revision" : "96a2f8a0fa41e9e09af4585e2724c4e825410b91",
        "version" : "1.6.2"
      }
    },
    {
      "identity" : "webui",
      "kind" : "remoteSourceControl",
      "location" : "https://github.com/cybozu/WebUI.git",
      "state" : {
        "revision" : "130377a32ad7da045bd5ae1aa58ee1e5ce9d531b",
        "version" : "4.0.0"
      }
    }
  ],
  "version" : 3
}
