{
  "originHash" : "4864a710c0b029da5758c56e741867f52bbf98ce998e3e576339031711ed73d4",
  "pins" : [
    {
      "identity" : "licenselist",
      "kind" : "remoteSourceControl",
      "location" : "https://github.com/cybozu/LicenseList.git",
      "state" : {
        "revision" : "56f1b5724138e4d9f60453b555edc80e43805503",
        "version" : "2.2.0"
      }
    },
    {
      "identity" : "swift-log",
      "kind" : "remoteSourceControl",
      "location" : "https://github.com/apple/swift-log.git",
      "state" : {
        "revision" : "ce592ae52f982c847a4efc0dd881cc9eb32d29f2",
        "version" : "1.6.4"
      }
    },
    {
      "identity" : "webui",
      "kind" : "remoteSourceControl",
      "location" : "https://github.com/cybozu/WebUI.git",
      "state" : {
        "revision" : "d1408d9ad8056f4619b71f06a0b0ba1ff553f3a3",
        "version" : "4.2.1"
      }
    }
  ],
  "version" : 3
}
