// !$*UTF8*$!
{
	archiveVersion = 1;
	classes = {
	};
	objectVersion = 55;
	objects = {

/* Begin PBXBuildFile section */
		1C5A745128A3EC34004364D9 /* WebViewModel.swift in Sources */ = {isa = PBXBuildFile; fileRef = 1C5A745028A3EC34004364D9 /* WebViewModel.swift */; };
		1C5A745628A4F18C004364D9 /* String+Extensions.swift in Sources */ = {isa = PBXBuildFile; fileRef = 1CD37BE427F8416E00D7CF7A /* String+Extensions.swift */; };
		1C5A745828A54C95004364D9 /* DebugLog.swift in Sources */ = {isa = PBXBuildFile; fileRef = 1C5A745728A54C95004364D9 /* DebugLog.swift */; };
		1C5A745A28A55382004364D9 /* BookmarkView.swift in Sources */ = {isa = PBXBuildFile; fileRef = 1C5A745928A55382004364D9 /* BookmarkView.swift */; };
		1C5A745C28A554E2004364D9 /* Bookmark.swift in Sources */ = {isa = PBXBuildFile; fileRef = 1C5A745B28A554E2004364D9 /* Bookmark.swift */; };
		1C5A746128A61E83004364D9 /* LegacyAlertModifier.swift in Sources */ = {isa = PBXBuildFile; fileRef = 1C5A746028A61E83004364D9 /* LegacyAlertModifier.swift */; };
		1C5A746328A635C9004364D9 /* MigratedAlertModifier.swift in Sources */ = {isa = PBXBuildFile; fileRef = 1C5A746228A635C9004364D9 /* MigratedAlertModifier.swift */; };
		1C5A746628A643F3004364D9 /* WebViewModelMock.swift in Sources */ = {isa = PBXBuildFile; fileRef = 1C5A746528A643F3004364D9 /* WebViewModelMock.swift */; };
		1C5A746928A6454B004364D9 /* ShareViewModelMock.swift in Sources */ = {isa = PBXBuildFile; fileRef = 1C5A746828A6454B004364D9 /* ShareViewModelMock.swift */; };
		1C5A746C28A64A2E004364D9 /* Localizable.strings in Resources */ = {isa = PBXBuildFile; fileRef = 1C5A746E28A64A2E004364D9 /* Localizable.strings */; };
		1C5A747128A676BA004364D9 /* Color+Extensions.swift in Sources */ = {isa = PBXBuildFile; fileRef = 1C5A747028A676BA004364D9 /* Color+Extensions.swift */; };
		1C5A747228A694A5004364D9 /* Color+Extensions.swift in Sources */ = {isa = PBXBuildFile; fileRef = 1C5A747028A676BA004364D9 /* Color+Extensions.swift */; };
		1C5A747428A69D0C004364D9 /* ShowToolBarButton.swift in Sources */ = {isa = PBXBuildFile; fileRef = 1C5A747328A69D0C004364D9 /* ShowToolBarButton.swift */; };
		1C5A747628A69D6B004364D9 /* LogoView.swift in Sources */ = {isa = PBXBuildFile; fileRef = 1C5A747528A69D6B004364D9 /* LogoView.swift */; };
		1C5A747928A785CD004364D9 /* InfoPlist.strings in Resources */ = {isa = PBXBuildFile; fileRef = 1C5A747B28A785CD004364D9 /* InfoPlist.strings */; };
		1C5A747E28A939B5004364D9 /* Settings.bundle in Resources */ = {isa = PBXBuildFile; fileRef = 1C5A747D28A939B5004364D9 /* Settings.bundle */; };
		1C5A748028A93FF7004364D9 /* SearchEngine.swift in Sources */ = {isa = PBXBuildFile; fileRef = 1C5A747F28A93FF7004364D9 /* SearchEngine.swift */; };
		1CB4323C29B6E35E00EC1D6F /* WebDialog.swift in Sources */ = {isa = PBXBuildFile; fileRef = 1CB4323B29B6E35E00EC1D6F /* WebDialog.swift */; };
		1CC25754294E070200AB0A72 /* SharedType.swift in Sources */ = {isa = PBXBuildFile; fileRef = 1CC25753294E070200AB0A72 /* SharedType.swift */; };
		1CC25756294E074F00AB0A72 /* ShareError.swift in Sources */ = {isa = PBXBuildFile; fileRef = 1CC25755294E074F00AB0A72 /* ShareError.swift */; };
		1CD37B9827F826D800D7CF7A /* MinBrowserApp.swift in Sources */ = {isa = PBXBuildFile; fileRef = 1CD37B9727F826D800D7CF7A /* MinBrowserApp.swift */; };
		1CD37B9C27F826D900D7CF7A /* Assets.xcassets in Resources */ = {isa = PBXBuildFile; fileRef = 1CD37B9B27F826D900D7CF7A /* Assets.xcassets */; };
		1CD37B9F27F826D900D7CF7A /* Preview Assets.xcassets in Resources */ = {isa = PBXBuildFile; fileRef = 1CD37B9E27F826D900D7CF7A /* Preview Assets.xcassets */; };
		1CD37BB327F826D900D7CF7A /* MinBrowserUITests.swift in Sources */ = {isa = PBXBuildFile; fileRef = 1CD37BB227F826D900D7CF7A /* MinBrowserUITests.swift */; };
		1CD37BC827F82D2E00D7CF7A /* ShareViewController.swift in Sources */ = {isa = PBXBuildFile; fileRef = 1CD37BC727F82D2E00D7CF7A /* ShareViewController.swift */; };
		1CD37BCB27F82D2E00D7CF7A /* MainInterface.storyboard in Resources */ = {isa = PBXBuildFile; fileRef = 1CD37BC927F82D2E00D7CF7A /* MainInterface.storyboard */; };
		1CD37BCF27F82D2E00D7CF7A /* MinBrowserShare.appex in Embed Foundation Extensions */ = {isa = PBXBuildFile; fileRef = 1CD37BC527F82D2E00D7CF7A /* MinBrowserShare.appex */; settings = {ATTRIBUTES = (RemoveHeadersOnCopy, ); }; };
		1CD37BD527F82D5A00D7CF7A /* ShareView.swift in Sources */ = {isa = PBXBuildFile; fileRef = 1CD37BD427F82D5A00D7CF7A /* ShareView.swift */; };
		1CD37BD927F82EBC00D7CF7A /* Localizable.strings in Resources */ = {isa = PBXBuildFile; fileRef = 1CD37BDB27F82EBC00D7CF7A /* Localizable.strings */; };
		1CD37BDE27F8303200D7CF7A /* ShareViewModel.swift in Sources */ = {isa = PBXBuildFile; fileRef = 1CD37BDD27F8303200D7CF7A /* ShareViewModel.swift */; };
		1CD37BE227F8414900D7CF7A /* WKWebView+Extension.swift in Sources */ = {isa = PBXBuildFile; fileRef = 1CD37BE127F8414900D7CF7A /* WKWebView+Extension.swift */; };
		1CD37BE527F8416E00D7CF7A /* String+Extensions.swift in Sources */ = {isa = PBXBuildFile; fileRef = 1CD37BE427F8416E00D7CF7A /* String+Extensions.swift */; };
		1CD37BE727F8436500D7CF7A /* WrappedWKWebView.swift in Sources */ = {isa = PBXBuildFile; fileRef = 1CD37BE627F8436500D7CF7A /* WrappedWKWebView.swift */; };
		1CD37BEA27F8570200D7CF7A /* SearchBar.swift in Sources */ = {isa = PBXBuildFile; fileRef = 1CD37BE927F8570200D7CF7A /* SearchBar.swift */; };
		1CD37BEC27F85DBA00D7CF7A /* WebView.swift in Sources */ = {isa = PBXBuildFile; fileRef = 1CD37BEB27F85DBA00D7CF7A /* WebView.swift */; };
		1CD37BF427F8893000D7CF7A /* ToolBar.swift in Sources */ = {isa = PBXBuildFile; fileRef = 1CD37BF327F8893000D7CF7A /* ToolBar.swift */; };
		1CDE807F28CA1AD500A40F11 /* WebViewModelTests.swift in Sources */ = {isa = PBXBuildFile; fileRef = 1CDE807E28CA1AD500A40F11 /* WebViewModelTests.swift */; };
/* End PBXBuildFile section */

/* Begin PBXContainerItemProxy section */
		1CD37BA527F826D900D7CF7A /* PBXContainerItemProxy */ = {
			isa = PBXContainerItemProxy;
			containerPortal = 1CD37B8C27F826D800D7CF7A /* Project object */;
			proxyType = 1;
			remoteGlobalIDString = 1CD37B9327F826D800D7CF7A;
			remoteInfo = MinBrowser;
		};
		1CD37BAF27F826D900D7CF7A /* PBXContainerItemProxy */ = {
			isa = PBXContainerItemProxy;
			containerPortal = 1CD37B8C27F826D800D7CF7A /* Project object */;
			proxyType = 1;
			remoteGlobalIDString = 1CD37B9327F826D800D7CF7A;
			remoteInfo = MinBrowser;
		};
		1CD37BCD27F82D2E00D7CF7A /* PBXContainerItemProxy */ = {
			isa = PBXContainerItemProxy;
			containerPortal = 1CD37B8C27F826D800D7CF7A /* Project object */;
			proxyType = 1;
			remoteGlobalIDString = 1CD37BC427F82D2E00D7CF7A;
			remoteInfo = MinBrowserShare;
		};
/* End PBXContainerItemProxy section */

/* Begin PBXCopyFilesBuildPhase section */
		1CD37BD327F82D2E00D7CF7A /* Embed Foundation Extensions */ = {
			isa = PBXCopyFilesBuildPhase;
			buildActionMask = 2147483647;
			dstPath = "";
			dstSubfolderSpec = 13;
			files = (
				1CD37BCF27F82D2E00D7CF7A /* MinBrowserShare.appex in Embed Foundation Extensions */,
			);
			name = "Embed Foundation Extensions";
			runOnlyForDeploymentPostprocessing = 0;
		};
/* End PBXCopyFilesBuildPhase section */

/* Begin PBXFileReference section */
		1C5A745028A3EC34004364D9 /* WebViewModel.swift */ = {isa = PBXFileReference; lastKnownFileType = sourcecode.swift; path = WebViewModel.swift; sourceTree = "<group>"; };
		1C5A745728A54C95004364D9 /* DebugLog.swift */ = {isa = PBXFileReference; lastKnownFileType = sourcecode.swift; path = DebugLog.swift; sourceTree = "<group>"; };
		1C5A745928A55382004364D9 /* BookmarkView.swift */ = {isa = PBXFileReference; lastKnownFileType = sourcecode.swift; path = BookmarkView.swift; sourceTree = "<group>"; };
		1C5A745B28A554E2004364D9 /* Bookmark.swift */ = {isa = PBXFileReference; lastKnownFileType = sourcecode.swift; path = Bookmark.swift; sourceTree = "<group>"; };
		1C5A746028A61E83004364D9 /* LegacyAlertModifier.swift */ = {isa = PBXFileReference; lastKnownFileType = sourcecode.swift; path = LegacyAlertModifier.swift; sourceTree = "<group>"; };
		1C5A746228A635C9004364D9 /* MigratedAlertModifier.swift */ = {isa = PBXFileReference; lastKnownFileType = sourcecode.swift; path = MigratedAlertModifier.swift; sourceTree = "<group>"; };
		1C5A746528A643F3004364D9 /* WebViewModelMock.swift */ = {isa = PBXFileReference; lastKnownFileType = sourcecode.swift; path = WebViewModelMock.swift; sourceTree = "<group>"; };
		1C5A746828A6454B004364D9 /* ShareViewModelMock.swift */ = {isa = PBXFileReference; lastKnownFileType = sourcecode.swift; path = ShareViewModelMock.swift; sourceTree = "<group>"; };
		1C5A746D28A64A2E004364D9 /* en */ = {isa = PBXFileReference; lastKnownFileType = text.plist.strings; name = en; path = en.lproj/Localizable.strings; sourceTree = "<group>"; };
		1C5A746F28A64A30004364D9 /* ja */ = {isa = PBXFileReference; lastKnownFileType = text.plist.strings; name = ja; path = ja.lproj/Localizable.strings; sourceTree = "<group>"; };
		1C5A747028A676BA004364D9 /* Color+Extensions.swift */ = {isa = PBXFileReference; lastKnownFileType = sourcecode.swift; path = "Color+Extensions.swift"; sourceTree = "<group>"; };
		1C5A747328A69D0C004364D9 /* ShowToolBarButton.swift */ = {isa = PBXFileReference; lastKnownFileType = sourcecode.swift; path = ShowToolBarButton.swift; sourceTree = "<group>"; };
		1C5A747528A69D6B004364D9 /* LogoView.swift */ = {isa = PBXFileReference; lastKnownFileType = sourcecode.swift; path = LogoView.swift; sourceTree = "<group>"; };
		1C5A747A28A785CD004364D9 /* en */ = {isa = PBXFileReference; lastKnownFileType = text.plist.strings; name = en; path = en.lproj/InfoPlist.strings; sourceTree = "<group>"; };
		1C5A747C28A785D1004364D9 /* ja */ = {isa = PBXFileReference; lastKnownFileType = text.plist.strings; name = ja; path = ja.lproj/InfoPlist.strings; sourceTree = "<group>"; };
		1C5A747D28A939B5004364D9 /* Settings.bundle */ = {isa = PBXFileReference; lastKnownFileType = "wrapper.plug-in"; path = Settings.bundle; sourceTree = "<group>"; };
		1C5A747F28A93FF7004364D9 /* SearchEngine.swift */ = {isa = PBXFileReference; lastKnownFileType = sourcecode.swift; path = SearchEngine.swift; sourceTree = "<group>"; };
		1CB4323B29B6E35E00EC1D6F /* WebDialog.swift */ = {isa = PBXFileReference; lastKnownFileType = sourcecode.swift; path = WebDialog.swift; sourceTree = "<group>"; };
		1CC25753294E070200AB0A72 /* SharedType.swift */ = {isa = PBXFileReference; lastKnownFileType = sourcecode.swift; path = SharedType.swift; sourceTree = "<group>"; };
		1CC25755294E074F00AB0A72 /* ShareError.swift */ = {isa = PBXFileReference; lastKnownFileType = sourcecode.swift; path = ShareError.swift; sourceTree = "<group>"; };
		1CD37B9427F826D800D7CF7A /* MinBrowser.app */ = {isa = PBXFileReference; explicitFileType = wrapper.application; includeInIndex = 0; path = MinBrowser.app; sourceTree = BUILT_PRODUCTS_DIR; };
		1CD37B9727F826D800D7CF7A /* MinBrowserApp.swift */ = {isa = PBXFileReference; lastKnownFileType = sourcecode.swift; path = MinBrowserApp.swift; sourceTree = "<group>"; };
		1CD37B9B27F826D900D7CF7A /* Assets.xcassets */ = {isa = PBXFileReference; lastKnownFileType = folder.assetcatalog; path = Assets.xcassets; sourceTree = "<group>"; };
		1CD37B9E27F826D900D7CF7A /* Preview Assets.xcassets */ = {isa = PBXFileReference; lastKnownFileType = folder.assetcatalog; path = "Preview Assets.xcassets"; sourceTree = "<group>"; };
		1CD37BA427F826D900D7CF7A /* MinBrowserTests.xctest */ = {isa = PBXFileReference; explicitFileType = wrapper.cfbundle; includeInIndex = 0; path = MinBrowserTests.xctest; sourceTree = BUILT_PRODUCTS_DIR; };
		1CD37BAE27F826D900D7CF7A /* MinBrowserUITests.xctest */ = {isa = PBXFileReference; explicitFileType = wrapper.cfbundle; includeInIndex = 0; path = MinBrowserUITests.xctest; sourceTree = BUILT_PRODUCTS_DIR; };
		1CD37BB227F826D900D7CF7A /* MinBrowserUITests.swift */ = {isa = PBXFileReference; lastKnownFileType = sourcecode.swift; path = MinBrowserUITests.swift; sourceTree = "<group>"; };
		1CD37BC527F82D2E00D7CF7A /* MinBrowserShare.appex */ = {isa = PBXFileReference; explicitFileType = "wrapper.app-extension"; includeInIndex = 0; path = MinBrowserShare.appex; sourceTree = BUILT_PRODUCTS_DIR; };
		1CD37BC727F82D2E00D7CF7A /* ShareViewController.swift */ = {isa = PBXFileReference; lastKnownFileType = sourcecode.swift; path = ShareViewController.swift; sourceTree = "<group>"; };
		1CD37BCA27F82D2E00D7CF7A /* Base */ = {isa = PBXFileReference; lastKnownFileType = file.storyboard; name = Base; path = Base.lproj/MainInterface.storyboard; sourceTree = "<group>"; };
		1CD37BCC27F82D2E00D7CF7A /* Info.plist */ = {isa = PBXFileReference; lastKnownFileType = text.plist.xml; path = Info.plist; sourceTree = "<group>"; };
		1CD37BD427F82D5A00D7CF7A /* ShareView.swift */ = {isa = PBXFileReference; lastKnownFileType = sourcecode.swift; path = ShareView.swift; sourceTree = "<group>"; };
		1CD37BDA27F82EBC00D7CF7A /* en */ = {isa = PBXFileReference; lastKnownFileType = text.plist.strings; name = en; path = en.lproj/Localizable.strings; sourceTree = "<group>"; };
		1CD37BDC27F82EBD00D7CF7A /* ja */ = {isa = PBXFileReference; lastKnownFileType = text.plist.strings; name = ja; path = ja.lproj/Localizable.strings; sourceTree = "<group>"; };
		1CD37BDD27F8303200D7CF7A /* ShareViewModel.swift */ = {isa = PBXFileReference; lastKnownFileType = sourcecode.swift; path = ShareViewModel.swift; sourceTree = "<group>"; };
		1CD37BE127F8414900D7CF7A /* WKWebView+Extension.swift */ = {isa = PBXFileReference; lastKnownFileType = sourcecode.swift; path = "WKWebView+Extension.swift"; sourceTree = "<group>"; };
		1CD37BE427F8416E00D7CF7A /* String+Extensions.swift */ = {isa = PBXFileReference; lastKnownFileType = sourcecode.swift; path = "String+Extensions.swift"; sourceTree = "<group>"; };
		1CD37BE627F8436500D7CF7A /* WrappedWKWebView.swift */ = {isa = PBXFileReference; lastKnownFileType = sourcecode.swift; path = WrappedWKWebView.swift; sourceTree = "<group>"; };
		1CD37BE827F84E2300D7CF7A /* Info.plist */ = {isa = PBXFileReference; lastKnownFileType = text.plist; path = Info.plist; sourceTree = "<group>"; };
		1CD37BE927F8570200D7CF7A /* SearchBar.swift */ = {isa = PBXFileReference; lastKnownFileType = sourcecode.swift; path = SearchBar.swift; sourceTree = "<group>"; };
		1CD37BEB27F85DBA00D7CF7A /* WebView.swift */ = {isa = PBXFileReference; lastKnownFileType = sourcecode.swift; path = WebView.swift; sourceTree = "<group>"; };
		1CD37BF327F8893000D7CF7A /* ToolBar.swift */ = {isa = PBXFileReference; lastKnownFileType = sourcecode.swift; path = ToolBar.swift; sourceTree = "<group>"; };
		1CDE807E28CA1AD500A40F11 /* WebViewModelTests.swift */ = {isa = PBXFileReference; lastKnownFileType = sourcecode.swift; path = WebViewModelTests.swift; sourceTree = "<group>"; };
/* End PBXFileReference section */

/* Begin PBXFrameworksBuildPhase section */
		1CD37B9127F826D800D7CF7A /* Frameworks */ = {
			isa = PBXFrameworksBuildPhase;
			buildActionMask = 2147483647;
			files = (
			);
			runOnlyForDeploymentPostprocessing = 0;
		};
		1CD37BA127F826D900D7CF7A /* Frameworks */ = {
			isa = PBXFrameworksBuildPhase;
			buildActionMask = 2147483647;
			files = (
			);
			runOnlyForDeploymentPostprocessing = 0;
		};
		1CD37BAB27F826D900D7CF7A /* Frameworks */ = {
			isa = PBXFrameworksBuildPhase;
			buildActionMask = 2147483647;
			files = (
			);
			runOnlyForDeploymentPostprocessing = 0;
		};
		1CD37BC227F82D2E00D7CF7A /* Frameworks */ = {
			isa = PBXFrameworksBuildPhase;
			buildActionMask = 2147483647;
			files = (
			);
			runOnlyForDeploymentPostprocessing = 0;
		};
/* End PBXFrameworksBuildPhase section */

/* Begin PBXGroup section */
		1C5A745F28A61E3A004364D9 /* Alert */ = {
			isa = PBXGroup;
			children = (
				1C5A746028A61E83004364D9 /* LegacyAlertModifier.swift */,
				1C5A746228A635C9004364D9 /* MigratedAlertModifier.swift */,
			);
			path = Alert;
			sourceTree = "<group>";
		};
		1C5A746428A643D2004364D9 /* Mock */ = {
			isa = PBXGroup;
			children = (
				1C5A746528A643F3004364D9 /* WebViewModelMock.swift */,
			);
			path = Mock;
			sourceTree = "<group>";
		};
		1C5A746728A6453C004364D9 /* Mock */ = {
			isa = PBXGroup;
			children = (
				1C5A746828A6454B004364D9 /* ShareViewModelMock.swift */,
			);
			path = Mock;
			sourceTree = "<group>";
		};
		1CD37B8B27F826D800D7CF7A = {
			isa = PBXGroup;
			children = (
				1CD37B9627F826D800D7CF7A /* MinBrowser */,
				1CD37BA727F826D900D7CF7A /* MinBrowserTests */,
				1CD37BB127F826D900D7CF7A /* MinBrowserUITests */,
				1CD37BC627F82D2E00D7CF7A /* MinBrowserShare */,
				1CD37B9527F826D800D7CF7A /* Products */,
			);
			sourceTree = "<group>";
		};
		1CD37B9527F826D800D7CF7A /* Products */ = {
			isa = PBXGroup;
			children = (
				1CD37B9427F826D800D7CF7A /* MinBrowser.app */,
				1CD37BA427F826D900D7CF7A /* MinBrowserTests.xctest */,
				1CD37BAE27F826D900D7CF7A /* MinBrowserUITests.xctest */,
				1CD37BC527F82D2E00D7CF7A /* MinBrowserShare.appex */,
			);
			name = Products;
			sourceTree = "<group>";
		};
		1CD37B9627F826D800D7CF7A /* MinBrowser */ = {
			isa = PBXGroup;
			children = (
				1CD37BE827F84E2300D7CF7A /* Info.plist */,
				1C5A747B28A785CD004364D9 /* InfoPlist.strings */,
				1C5A746E28A64A2E004364D9 /* Localizable.strings */,
				1CD37B9B27F826D900D7CF7A /* Assets.xcassets */,
				1C5A747D28A939B5004364D9 /* Settings.bundle */,
				1CD37B9727F826D800D7CF7A /* MinBrowserApp.swift */,
				1C5A745728A54C95004364D9 /* DebugLog.swift */,
				1CD37BE327F8415D00D7CF7A /* Extensions */,
				1CD37BEE27F85E0400D7CF7A /* ViewModel */,
				1CD37BED27F85DF400D7CF7A /* View */,
				1CD37B9D27F826D900D7CF7A /* Preview Content */,
			);
			path = MinBrowser;
			sourceTree = "<group>";
		};
		1CD37B9D27F826D900D7CF7A /* Preview Content */ = {
			isa = PBXGroup;
			children = (
				1CD37B9E27F826D900D7CF7A /* Preview Assets.xcassets */,
			);
			path = "Preview Content";
			sourceTree = "<group>";
		};
		1CD37BA727F826D900D7CF7A /* MinBrowserTests */ = {
			isa = PBXGroup;
			children = (
				1CDE807E28CA1AD500A40F11 /* WebViewModelTests.swift */,
			);
			path = MinBrowserTests;
			sourceTree = "<group>";
		};
		1CD37BB127F826D900D7CF7A /* MinBrowserUITests */ = {
			isa = PBXGroup;
			children = (
				1CD37BB227F826D900D7CF7A /* MinBrowserUITests.swift */,
			);
			path = MinBrowserUITests;
			sourceTree = "<group>";
		};
		1CD37BC627F82D2E00D7CF7A /* MinBrowserShare */ = {
			isa = PBXGroup;
			children = (
				1CD37BCC27F82D2E00D7CF7A /* Info.plist */,
				1CD37BDB27F82EBC00D7CF7A /* Localizable.strings */,
				1CD37BF127F85E6500D7CF7A /* ViewModel */,
				1CD37BF227F85E6E00D7CF7A /* View */,
			);
			path = MinBrowserShare;
			sourceTree = "<group>";
		};
		1CD37BE327F8415D00D7CF7A /* Extensions */ = {
			isa = PBXGroup;
			children = (
				1CD37BE127F8414900D7CF7A /* WKWebView+Extension.swift */,
				1CD37BE427F8416E00D7CF7A /* String+Extensions.swift */,
				1C5A747028A676BA004364D9 /* Color+Extensions.swift */,
			);
			path = Extensions;
			sourceTree = "<group>";
		};
		1CD37BED27F85DF400D7CF7A /* View */ = {
			isa = PBXGroup;
			children = (
				1C5A745F28A61E3A004364D9 /* Alert */,
				1CD37BEB27F85DBA00D7CF7A /* WebView.swift */,
				1CD37BE627F8436500D7CF7A /* WrappedWKWebView.swift */,
				1CD37BE927F8570200D7CF7A /* SearchBar.swift */,
				1C5A747528A69D6B004364D9 /* LogoView.swift */,
				1CD37BF327F8893000D7CF7A /* ToolBar.swift */,
				1C5A747328A69D0C004364D9 /* ShowToolBarButton.swift */,
				1C5A745928A55382004364D9 /* BookmarkView.swift */,
			);
			path = View;
			sourceTree = "<group>";
		};
		1CD37BEE27F85E0400D7CF7A /* ViewModel */ = {
			isa = PBXGroup;
			children = (
				1C5A746428A643D2004364D9 /* Mock */,
				1C5A745028A3EC34004364D9 /* WebViewModel.swift */,
				1C5A745B28A554E2004364D9 /* Bookmark.swift */,
				1C5A747F28A93FF7004364D9 /* SearchEngine.swift */,
				1CB4323B29B6E35E00EC1D6F /* WebDialog.swift */,
			);
			path = ViewModel;
			sourceTree = "<group>";
		};
		1CD37BF127F85E6500D7CF7A /* ViewModel */ = {
			isa = PBXGroup;
			children = (
				1C5A746728A6453C004364D9 /* Mock */,
				1CD37BDD27F8303200D7CF7A /* ShareViewModel.swift */,
				1CC25753294E070200AB0A72 /* SharedType.swift */,
				1CC25755294E074F00AB0A72 /* ShareError.swift */,
			);
			path = ViewModel;
			sourceTree = "<group>";
		};
		1CD37BF227F85E6E00D7CF7A /* View */ = {
			isa = PBXGroup;
			children = (
				1CD37BC927F82D2E00D7CF7A /* MainInterface.storyboard */,
				1CD37BC727F82D2E00D7CF7A /* ShareViewController.swift */,
				1CD37BD427F82D5A00D7CF7A /* ShareView.swift */,
			);
			path = View;
			sourceTree = "<group>";
		};
/* End PBXGroup section */

/* Begin PBXNativeTarget section */
		1CD37B9327F826D800D7CF7A /* MinBrowser */ = {
			isa = PBXNativeTarget;
			buildConfigurationList = 1CD37BB827F826D900D7CF7A /* Build configuration list for PBXNativeTarget "MinBrowser" */;
			buildPhases = (
				1CD37B9027F826D800D7CF7A /* Sources */,
				1CD37B9127F826D800D7CF7A /* Frameworks */,
				1CD37B9227F826D800D7CF7A /* Resources */,
				1CD37BD327F82D2E00D7CF7A /* Embed Foundation Extensions */,
			);
			buildRules = (
			);
			dependencies = (
				1CD37BCE27F82D2E00D7CF7A /* PBXTargetDependency */,
			);
			name = MinBrowser;
			productName = MinBrowser;
			productReference = 1CD37B9427F826D800D7CF7A /* MinBrowser.app */;
			productType = "com.apple.product-type.application";
		};
		1CD37BA327F826D900D7CF7A /* MinBrowserTests */ = {
			isa = PBXNativeTarget;
			buildConfigurationList = 1CD37BBB27F826D900D7CF7A /* Build configuration list for PBXNativeTarget "MinBrowserTests" */;
			buildPhases = (
				1CD37BA027F826D900D7CF7A /* Sources */,
				1CD37BA127F826D900D7CF7A /* Frameworks */,
				1CD37BA227F826D900D7CF7A /* Resources */,
			);
			buildRules = (
			);
			dependencies = (
				1CD37BA627F826D900D7CF7A /* PBXTargetDependency */,
			);
			name = MinBrowserTests;
			productName = MinBrowserTests;
			productReference = 1CD37BA427F826D900D7CF7A /* MinBrowserTests.xctest */;
			productType = "com.apple.product-type.bundle.unit-test";
		};
		1CD37BAD27F826D900D7CF7A /* MinBrowserUITests */ = {
			isa = PBXNativeTarget;
			buildConfigurationList = 1CD37BBE27F826D900D7CF7A /* Build configuration list for PBXNativeTarget "MinBrowserUITests" */;
			buildPhases = (
				1CD37BAA27F826D900D7CF7A /* Sources */,
				1CD37BAB27F826D900D7CF7A /* Frameworks */,
				1CD37BAC27F826D900D7CF7A /* Resources */,
			);
			buildRules = (
			);
			dependencies = (
				1CD37BB027F826D900D7CF7A /* PBXTargetDependency */,
			);
			name = MinBrowserUITests;
			productName = MinBrowserUITests;
			productReference = 1CD37BAE27F826D900D7CF7A /* MinBrowserUITests.xctest */;
			productType = "com.apple.product-type.bundle.ui-testing";
		};
		1CD37BC427F82D2E00D7CF7A /* MinBrowserShare */ = {
			isa = PBXNativeTarget;
			buildConfigurationList = 1CD37BD027F82D2E00D7CF7A /* Build configuration list for PBXNativeTarget "MinBrowserShare" */;
			buildPhases = (
				1CD37BC127F82D2E00D7CF7A /* Sources */,
				1CD37BC227F82D2E00D7CF7A /* Frameworks */,
				1CD37BC327F82D2E00D7CF7A /* Resources */,
			);
			buildRules = (
			);
			dependencies = (
			);
			name = MinBrowserShare;
			productName = MinBrowserShare;
			productReference = 1CD37BC527F82D2E00D7CF7A /* MinBrowserShare.appex */;
			productType = "com.apple.product-type.app-extension";
		};
/* End PBXNativeTarget section */

/* Begin PBXProject section */
		1CD37B8C27F826D800D7CF7A /* Project object */ = {
			isa = PBXProject;
			attributes = {
				BuildIndependentTargetsInParallel = 1;
				LastSwiftUpdateCheck = 1330;
				LastUpgradeCheck = 1410;
				TargetAttributes = {
					1CD37B9327F826D800D7CF7A = {
						CreatedOnToolsVersion = 13.3;
					};
					1CD37BA327F826D900D7CF7A = {
						CreatedOnToolsVersion = 13.3;
						TestTargetID = 1CD37B9327F826D800D7CF7A;
					};
					1CD37BAD27F826D900D7CF7A = {
						CreatedOnToolsVersion = 13.3;
						TestTargetID = 1CD37B9327F826D800D7CF7A;
					};
					1CD37BC427F82D2E00D7CF7A = {
						CreatedOnToolsVersion = 13.3;
					};
				};
			};
			buildConfigurationList = 1CD37B8F27F826D800D7CF7A /* Build configuration list for PBXProject "MinBrowser" */;
			compatibilityVersion = "Xcode 13.0";
			developmentRegion = en;
			hasScannedForEncodings = 0;
			knownRegions = (
				en,
				Base,
				ja,
			);
			mainGroup = 1CD37B8B27F826D800D7CF7A;
			productRefGroup = 1CD37B9527F826D800D7CF7A /* Products */;
			projectDirPath = "";
			projectRoot = "";
			targets = (
				1CD37B9327F826D800D7CF7A /* MinBrowser */,
				1CD37BA327F826D900D7CF7A /* MinBrowserTests */,
				1CD37BAD27F826D900D7CF7A /* MinBrowserUITests */,
				1CD37BC427F82D2E00D7CF7A /* MinBrowserShare */,
			);
		};
/* End PBXProject section */

/* Begin PBXResourcesBuildPhase section */
		1CD37B9227F826D800D7CF7A /* Resources */ = {
			isa = PBXResourcesBuildPhase;
			buildActionMask = 2147483647;
			files = (
				1CD37B9F27F826D900D7CF7A /* Preview Assets.xcassets in Resources */,
				1C5A747928A785CD004364D9 /* InfoPlist.strings in Resources */,
				1C5A747E28A939B5004364D9 /* Settings.bundle in Resources */,
				1C5A746C28A64A2E004364D9 /* Localizable.strings in Resources */,
				1CD37B9C27F826D900D7CF7A /* Assets.xcassets in Resources */,
			);
			runOnlyForDeploymentPostprocessing = 0;
		};
		1CD37BA227F826D900D7CF7A /* Resources */ = {
			isa = PBXResourcesBuildPhase;
			buildActionMask = 2147483647;
			files = (
			);
			runOnlyForDeploymentPostprocessing = 0;
		};
		1CD37BAC27F826D900D7CF7A /* Resources */ = {
			isa = PBXResourcesBuildPhase;
			buildActionMask = 2147483647;
			files = (
			);
			runOnlyForDeploymentPostprocessing = 0;
		};
		1CD37BC327F82D2E00D7CF7A /* Resources */ = {
			isa = PBXResourcesBuildPhase;
			buildActionMask = 2147483647;
			files = (
				1CD37BCB27F82D2E00D7CF7A /* MainInterface.storyboard in Resources */,
				1CD37BD927F82EBC00D7CF7A /* Localizable.strings in Resources */,
			);
			runOnlyForDeploymentPostprocessing = 0;
		};
/* End PBXResourcesBuildPhase section */

/* Begin PBXSourcesBuildPhase section */
		1CD37B9027F826D800D7CF7A /* Sources */ = {
			isa = PBXSourcesBuildPhase;
			buildActionMask = 2147483647;
			files = (
				1C5A747628A69D6B004364D9 /* LogoView.swift in Sources */,
				1CD37BE527F8416E00D7CF7A /* String+Extensions.swift in Sources */,
				1C5A747428A69D0C004364D9 /* ShowToolBarButton.swift in Sources */,
				1C5A745C28A554E2004364D9 /* Bookmark.swift in Sources */,
				1CD37BE727F8436500D7CF7A /* WrappedWKWebView.swift in Sources */,
				1C5A745828A54C95004364D9 /* DebugLog.swift in Sources */,
				1CD37BF427F8893000D7CF7A /* ToolBar.swift in Sources */,
				1CB4323C29B6E35E00EC1D6F /* WebDialog.swift in Sources */,
				1C5A747128A676BA004364D9 /* Color+Extensions.swift in Sources */,
				1CD37BEC27F85DBA00D7CF7A /* WebView.swift in Sources */,
				1C5A745128A3EC34004364D9 /* WebViewModel.swift in Sources */,
				1C5A746128A61E83004364D9 /* LegacyAlertModifier.swift in Sources */,
				1CD37BE227F8414900D7CF7A /* WKWebView+Extension.swift in Sources */,
				1C5A746628A643F3004364D9 /* WebViewModelMock.swift in Sources */,
				1C5A746328A635C9004364D9 /* MigratedAlertModifier.swift in Sources */,
				1CD37B9827F826D800D7CF7A /* MinBrowserApp.swift in Sources */,
				1C5A748028A93FF7004364D9 /* SearchEngine.swift in Sources */,
				1C5A745A28A55382004364D9 /* BookmarkView.swift in Sources */,
				1CD37BEA27F8570200D7CF7A /* SearchBar.swift in Sources */,
			);
			runOnlyForDeploymentPostprocessing = 0;
		};
		1CD37BA027F826D900D7CF7A /* Sources */ = {
			isa = PBXSourcesBuildPhase;
			buildActionMask = 2147483647;
			files = (
				1CDE807F28CA1AD500A40F11 /* WebViewModelTests.swift in Sources */,
			);
			runOnlyForDeploymentPostprocessing = 0;
		};
		1CD37BAA27F826D900D7CF7A /* Sources */ = {
			isa = PBXSourcesBuildPhase;
			buildActionMask = 2147483647;
			files = (
				1CD37BB327F826D900D7CF7A /* MinBrowserUITests.swift in Sources */,
			);
			runOnlyForDeploymentPostprocessing = 0;
		};
		1CD37BC127F82D2E00D7CF7A /* Sources */ = {
			isa = PBXSourcesBuildPhase;
			buildActionMask = 2147483647;
			files = (
				1CC25756294E074F00AB0A72 /* ShareError.swift in Sources */,
				1C5A745628A4F18C004364D9 /* String+Extensions.swift in Sources */,
				1CD37BDE27F8303200D7CF7A /* ShareViewModel.swift in Sources */,
				1CC25754294E070200AB0A72 /* SharedType.swift in Sources */,
				1CD37BD527F82D5A00D7CF7A /* ShareView.swift in Sources */,
				1C5A746928A6454B004364D9 /* ShareViewModelMock.swift in Sources */,
				1CD37BC827F82D2E00D7CF7A /* ShareViewController.swift in Sources */,
				1C5A747228A694A5004364D9 /* Color+Extensions.swift in Sources */,
			);
			runOnlyForDeploymentPostprocessing = 0;
		};
/* End PBXSourcesBuildPhase section */

/* Begin PBXTargetDependency section */
		1CD37BA627F826D900D7CF7A /* PBXTargetDependency */ = {
			isa = PBXTargetDependency;
			target = 1CD37B9327F826D800D7CF7A /* MinBrowser */;
			targetProxy = 1CD37BA527F826D900D7CF7A /* PBXContainerItemProxy */;
		};
		1CD37BB027F826D900D7CF7A /* PBXTargetDependency */ = {
			isa = PBXTargetDependency;
			target = 1CD37B9327F826D800D7CF7A /* MinBrowser */;
			targetProxy = 1CD37BAF27F826D900D7CF7A /* PBXContainerItemProxy */;
		};
		1CD37BCE27F82D2E00D7CF7A /* PBXTargetDependency */ = {
			isa = PBXTargetDependency;
			target = 1CD37BC427F82D2E00D7CF7A /* MinBrowserShare */;
			targetProxy = 1CD37BCD27F82D2E00D7CF7A /* PBXContainerItemProxy */;
		};
/* End PBXTargetDependency section */

/* Begin PBXVariantGroup section */
		1C5A746E28A64A2E004364D9 /* Localizable.strings */ = {
			isa = PBXVariantGroup;
			children = (
				1C5A746D28A64A2E004364D9 /* en */,
				1C5A746F28A64A30004364D9 /* ja */,
			);
			name = Localizable.strings;
			sourceTree = "<group>";
		};
		1C5A747B28A785CD004364D9 /* InfoPlist.strings */ = {
			isa = PBXVariantGroup;
			children = (
				1C5A747A28A785CD004364D9 /* en */,
				1C5A747C28A785D1004364D9 /* ja */,
			);
			name = InfoPlist.strings;
			sourceTree = "<group>";
		};
		1CD37BC927F82D2E00D7CF7A /* MainInterface.storyboard */ = {
			isa = PBXVariantGroup;
			children = (
				1CD37BCA27F82D2E00D7CF7A /* Base */,
			);
			name = MainInterface.storyboard;
			sourceTree = "<group>";
		};
		1CD37BDB27F82EBC00D7CF7A /* Localizable.strings */ = {
			isa = PBXVariantGroup;
			children = (
				1CD37BDA27F82EBC00D7CF7A /* en */,
				1CD37BDC27F82EBD00D7CF7A /* ja */,
			);
			name = Localizable.strings;
			sourceTree = "<group>";
		};
/* End PBXVariantGroup section */

/* Begin XCBuildConfiguration section */
		1CD37BB627F826D900D7CF7A /* Debug */ = {
			isa = XCBuildConfiguration;
			buildSettings = {
				ALWAYS_SEARCH_USER_PATHS = NO;
				CLANG_ANALYZER_LOCALIZABILITY_NONLOCALIZED = YES;
				CLANG_ANALYZER_NONNULL = YES;
				CLANG_ANALYZER_NUMBER_OBJECT_CONVERSION = YES_AGGRESSIVE;
				CLANG_CXX_LANGUAGE_STANDARD = "gnu++17";
				CLANG_ENABLE_MODULES = YES;
				CLANG_ENABLE_OBJC_ARC = YES;
				CLANG_ENABLE_OBJC_WEAK = YES;
				CLANG_WARN_BLOCK_CAPTURE_AUTORELEASING = YES;
				CLANG_WARN_BOOL_CONVERSION = YES;
				CLANG_WARN_COMMA = YES;
				CLANG_WARN_CONSTANT_CONVERSION = YES;
				CLANG_WARN_DEPRECATED_OBJC_IMPLEMENTATIONS = YES;
				CLANG_WARN_DIRECT_OBJC_ISA_USAGE = YES_ERROR;
				CLANG_WARN_DOCUMENTATION_COMMENTS = YES;
				CLANG_WARN_EMPTY_BODY = YES;
				CLANG_WARN_ENUM_CONVERSION = YES;
				CLANG_WARN_INFINITE_RECURSION = YES;
				CLANG_WARN_INT_CONVERSION = YES;
				CLANG_WARN_NON_LITERAL_NULL_CONVERSION = YES;
				CLANG_WARN_OBJC_IMPLICIT_RETAIN_SELF = YES;
				CLANG_WARN_OBJC_LITERAL_CONVERSION = YES;
				CLANG_WARN_OBJC_ROOT_CLASS = YES_ERROR;
				CLANG_WARN_QUOTED_INCLUDE_IN_FRAMEWORK_HEADER = YES;
				CLANG_WARN_RANGE_LOOP_ANALYSIS = YES;
				CLANG_WARN_STRICT_PROTOTYPES = YES;
				CLANG_WARN_SUSPICIOUS_MOVE = YES;
				CLANG_WARN_UNGUARDED_AVAILABILITY = YES_AGGRESSIVE;
				CLANG_WARN_UNREACHABLE_CODE = YES;
				CLANG_WARN__DUPLICATE_METHOD_MATCH = YES;
				COPY_PHASE_STRIP = NO;
				DEBUG_INFORMATION_FORMAT = dwarf;
				ENABLE_STRICT_OBJC_MSGSEND = YES;
				ENABLE_TESTABILITY = YES;
				GCC_C_LANGUAGE_STANDARD = gnu11;
				GCC_DYNAMIC_NO_PIC = NO;
				GCC_NO_COMMON_BLOCKS = YES;
				GCC_OPTIMIZATION_LEVEL = 0;
				GCC_PREPROCESSOR_DEFINITIONS = (
					"DEBUG=1",
					"$(inherited)",
				);
				GCC_WARN_64_TO_32_BIT_CONVERSION = YES;
				GCC_WARN_ABOUT_RETURN_TYPE = YES_ERROR;
				GCC_WARN_UNDECLARED_SELECTOR = YES;
				GCC_WARN_UNINITIALIZED_AUTOS = YES_AGGRESSIVE;
				GCC_WARN_UNUSED_FUNCTION = YES;
				GCC_WARN_UNUSED_VARIABLE = YES;
				IPHONEOS_DEPLOYMENT_TARGET = 16.4;
				MTL_ENABLE_DEBUG_INFO = INCLUDE_SOURCE;
				MTL_FAST_MATH = YES;
				ONLY_ACTIVE_ARCH = YES;
				SDKROOT = iphoneos;
				SWIFT_ACTIVE_COMPILATION_CONDITIONS = DEBUG;
				SWIFT_OPTIMIZATION_LEVEL = "-Onone";
			};
			name = Debug;
		};
		1CD37BB727F826D900D7CF7A /* Release */ = {
			isa = XCBuildConfiguration;
			buildSettings = {
				ALWAYS_SEARCH_USER_PATHS = NO;
				CLANG_ANALYZER_LOCALIZABILITY_NONLOCALIZED = YES;
				CLANG_ANALYZER_NONNULL = YES;
				CLANG_ANALYZER_NUMBER_OBJECT_CONVERSION = YES_AGGRESSIVE;
				CLANG_CXX_LANGUAGE_STANDARD = "gnu++17";
				CLANG_ENABLE_MODULES = YES;
				CLANG_ENABLE_OBJC_ARC = YES;
				CLANG_ENABLE_OBJC_WEAK = YES;
				CLANG_WARN_BLOCK_CAPTURE_AUTORELEASING = YES;
				CLANG_WARN_BOOL_CONVERSION = YES;
				CLANG_WARN_COMMA = YES;
				CLANG_WARN_CONSTANT_CONVERSION = YES;
				CLANG_WARN_DEPRECATED_OBJC_IMPLEMENTATIONS = YES;
				CLANG_WARN_DIRECT_OBJC_ISA_USAGE = YES_ERROR;
				CLANG_WARN_DOCUMENTATION_COMMENTS = YES;
				CLANG_WARN_EMPTY_BODY = YES;
				CLANG_WARN_ENUM_CONVERSION = YES;
				CLANG_WARN_INFINITE_RECURSION = YES;
				CLANG_WARN_INT_CONVERSION = YES;
				CLANG_WARN_NON_LITERAL_NULL_CONVERSION = YES;
				CLANG_WARN_OBJC_IMPLICIT_RETAIN_SELF = YES;
				CLANG_WARN_OBJC_LITERAL_CONVERSION = YES;
				CLANG_WARN_OBJC_ROOT_CLASS = YES_ERROR;
				CLANG_WARN_QUOTED_INCLUDE_IN_FRAMEWORK_HEADER = YES;
				CLANG_WARN_RANGE_LOOP_ANALYSIS = YES;
				CLANG_WARN_STRICT_PROTOTYPES = YES;
				CLANG_WARN_SUSPICIOUS_MOVE = YES;
				CLANG_WARN_UNGUARDED_AVAILABILITY = YES_AGGRESSIVE;
				CLANG_WARN_UNREACHABLE_CODE = YES;
				CLANG_WARN__DUPLICATE_METHOD_MATCH = YES;
				COPY_PHASE_STRIP = NO;
				DEBUG_INFORMATION_FORMAT = "dwarf-with-dsym";
				ENABLE_NS_ASSERTIONS = NO;
				ENABLE_STRICT_OBJC_MSGSEND = YES;
				GCC_C_LANGUAGE_STANDARD = gnu11;
				GCC_NO_COMMON_BLOCKS = YES;
				GCC_WARN_64_TO_32_BIT_CONVERSION = YES;
				GCC_WARN_ABOUT_RETURN_TYPE = YES_ERROR;
				GCC_WARN_UNDECLARED_SELECTOR = YES;
				GCC_WARN_UNINITIALIZED_AUTOS = YES_AGGRESSIVE;
				GCC_WARN_UNUSED_FUNCTION = YES;
				GCC_WARN_UNUSED_VARIABLE = YES;
				IPHONEOS_DEPLOYMENT_TARGET = 16.4;
				MTL_ENABLE_DEBUG_INFO = NO;
				MTL_FAST_MATH = YES;
				SDKROOT = iphoneos;
				SWIFT_COMPILATION_MODE = wholemodule;
				SWIFT_OPTIMIZATION_LEVEL = "-O";
				VALIDATE_PRODUCT = YES;
			};
			name = Release;
		};
		1CD37BB927F826D900D7CF7A /* Debug */ = {
			isa = XCBuildConfiguration;
			buildSettings = {
				ALWAYS_EMBED_SWIFT_STANDARD_LIBRARIES = YES;
				ASSETCATALOG_COMPILER_APPICON_NAME = AppIcon;
				ASSETCATALOG_COMPILER_GLOBAL_ACCENT_COLOR_NAME = AccentColor;
				CODE_SIGN_STYLE = Automatic;
				CURRENT_PROJECT_VERSION = 1.0.1;
				DEVELOPMENT_ASSET_PATHS = "\"MinBrowser/Preview Content\"";
				DEVELOPMENT_TEAM = VJ5N2X84K8;
				ENABLE_PREVIEWS = YES;
				GENERATE_INFOPLIST_FILE = YES;
				INFOPLIST_FILE = MinBrowser/Info.plist;
				INFOPLIST_KEY_LSApplicationCategoryType = "public.app-category.utilities";
				INFOPLIST_KEY_NSCameraUsageDescription = "This application needs to access your camera for uploading photos/videos.";
				INFOPLIST_KEY_NSLocationWhenInUseUsageDescription = "This application needs to access your current location.";
				INFOPLIST_KEY_NSMicrophoneUsageDescription = "This application needs to access your microphone for uploading videos.";
				INFOPLIST_KEY_NSPhotoLibraryAddUsageDescription = "This application needs to access your photo library for saving photos/videos.";
				INFOPLIST_KEY_UIApplicationSupportsIndirectInputEvents = YES;
				INFOPLIST_KEY_UILaunchScreen_Generation = YES;
				INFOPLIST_KEY_UISupportedInterfaceOrientations_iPad = "UIInterfaceOrientationPortrait UIInterfaceOrientationPortraitUpsideDown UIInterfaceOrientationLandscapeLeft UIInterfaceOrientationLandscapeRight";
				INFOPLIST_KEY_UISupportedInterfaceOrientations_iPhone = "UIInterfaceOrientationPortrait UIInterfaceOrientationLandscapeLeft UIInterfaceOrientationLandscapeRight";
				LD_RUNPATH_SEARCH_PATHS = (
					"$(inherited)",
					"@executable_path/Frameworks",
				);
				MARKETING_VERSION = 1.0;
				PRODUCT_BUNDLE_IDENTIFIER = com.kyome.MinBrowser;
				PRODUCT_NAME = "$(TARGET_NAME)";
				SUPPORTED_PLATFORMS = "iphoneos iphonesimulator";
				SUPPORTS_MACCATALYST = NO;
				SUPPORTS_MAC_DESIGNED_FOR_IPHONE_IPAD = NO;
				SWIFT_EMIT_LOC_STRINGS = YES;
				SWIFT_VERSION = 5.0;
				TARGETED_DEVICE_FAMILY = "1,2";
			};
			name = Debug;
		};
		1CD37BBA27F826D900D7CF7A /* Release */ = {
			isa = XCBuildConfiguration;
			buildSettings = {
				ALWAYS_EMBED_SWIFT_STANDARD_LIBRARIES = YES;
				ASSETCATALOG_COMPILER_APPICON_NAME = AppIcon;
				ASSETCATALOG_COMPILER_GLOBAL_ACCENT_COLOR_NAME = AccentColor;
				CODE_SIGN_STYLE = Automatic;
				CURRENT_PROJECT_VERSION = 1.0.1;
				DEVELOPMENT_ASSET_PATHS = "\"MinBrowser/Preview Content\"";
				DEVELOPMENT_TEAM = VJ5N2X84K8;
				ENABLE_PREVIEWS = YES;
				GENERATE_INFOPLIST_FILE = YES;
				INFOPLIST_FILE = MinBrowser/Info.plist;
				INFOPLIST_KEY_LSApplicationCategoryType = "public.app-category.utilities";
				INFOPLIST_KEY_NSCameraUsageDescription = "This application needs to access your camera for uploading photos/videos.";
				INFOPLIST_KEY_NSLocationWhenInUseUsageDescription = "This application needs to access your current location.";
				INFOPLIST_KEY_NSMicrophoneUsageDescription = "This application needs to access your microphone for uploading videos.";
				INFOPLIST_KEY_NSPhotoLibraryAddUsageDescription = "This application needs to access your photo library for saving photos/videos.";
				INFOPLIST_KEY_UIApplicationSupportsIndirectInputEvents = YES;
				INFOPLIST_KEY_UILaunchScreen_Generation = YES;
				INFOPLIST_KEY_UISupportedInterfaceOrientations_iPad = "UIInterfaceOrientationPortrait UIInterfaceOrientationPortraitUpsideDown UIInterfaceOrientationLandscapeLeft UIInterfaceOrientationLandscapeRight";
				INFOPLIST_KEY_UISupportedInterfaceOrientations_iPhone = "UIInterfaceOrientationPortrait UIInterfaceOrientationLandscapeLeft UIInterfaceOrientationLandscapeRight";
				LD_RUNPATH_SEARCH_PATHS = (
					"$(inherited)",
					"@executable_path/Frameworks",
				);
				MARKETING_VERSION = 1.0;
				PRODUCT_BUNDLE_IDENTIFIER = com.kyome.MinBrowser;
				PRODUCT_NAME = "$(TARGET_NAME)";
				SUPPORTED_PLATFORMS = "iphoneos iphonesimulator";
				SUPPORTS_MACCATALYST = NO;
				SUPPORTS_MAC_DESIGNED_FOR_IPHONE_IPAD = NO;
				SWIFT_EMIT_LOC_STRINGS = YES;
				SWIFT_VERSION = 5.0;
				TARGETED_DEVICE_FAMILY = "1,2";
			};
			name = Release;
		};
		1CD37BBC27F826D900D7CF7A /* Debug */ = {
			isa = XCBuildConfiguration;
			buildSettings = {
				ALWAYS_EMBED_SWIFT_STANDARD_LIBRARIES = YES;
				BUNDLE_LOADER = "$(TEST_HOST)";
				CODE_SIGN_STYLE = Automatic;
				CURRENT_PROJECT_VERSION = 1;
				DEVELOPMENT_TEAM = VJ5N2X84K8;
				GENERATE_INFOPLIST_FILE = YES;
				MARKETING_VERSION = 1.0;
				PRODUCT_BUNDLE_IDENTIFIER = com.kyome.MinBrowserTests;
				PRODUCT_NAME = "$(TARGET_NAME)";
				SUPPORTED_PLATFORMS = "iphoneos iphonesimulator";
				SUPPORTS_MACCATALYST = NO;
				SUPPORTS_MAC_DESIGNED_FOR_IPHONE_IPAD = NO;
				SWIFT_EMIT_LOC_STRINGS = NO;
				SWIFT_VERSION = 5.0;
				TARGETED_DEVICE_FAMILY = "1,2";
				TEST_HOST = "$(BUILT_PRODUCTS_DIR)/MinBrowser.app/MinBrowser";
			};
			name = Debug;
		};
		1CD37BBD27F826D900D7CF7A /* Release */ = {
			isa = XCBuildConfiguration;
			buildSettings = {
				ALWAYS_EMBED_SWIFT_STANDARD_LIBRARIES = YES;
				BUNDLE_LOADER = "$(TEST_HOST)";
				CODE_SIGN_STYLE = Automatic;
				CURRENT_PROJECT_VERSION = 1;
				DEVELOPMENT_TEAM = VJ5N2X84K8;
				GENERATE_INFOPLIST_FILE = YES;
				MARKETING_VERSION = 1.0;
				PRODUCT_BUNDLE_IDENTIFIER = com.kyome.MinBrowserTests;
				PRODUCT_NAME = "$(TARGET_NAME)";
				SUPPORTED_PLATFORMS = "iphoneos iphonesimulator";
				SUPPORTS_MACCATALYST = NO;
				SUPPORTS_MAC_DESIGNED_FOR_IPHONE_IPAD = NO;
				SWIFT_EMIT_LOC_STRINGS = NO;
				SWIFT_VERSION = 5.0;
				TARGETED_DEVICE_FAMILY = "1,2";
				TEST_HOST = "$(BUILT_PRODUCTS_DIR)/MinBrowser.app/MinBrowser";
			};
			name = Release;
		};
		1CD37BBF27F826D900D7CF7A /* Debug */ = {
			isa = XCBuildConfiguration;
			buildSettings = {
				ALWAYS_EMBED_SWIFT_STANDARD_LIBRARIES = YES;
				CODE_SIGN_STYLE = Automatic;
				CURRENT_PROJECT_VERSION = 1;
				DEVELOPMENT_TEAM = VJ5N2X84K8;
				GENERATE_INFOPLIST_FILE = YES;
				MARKETING_VERSION = 1.0;
				PRODUCT_BUNDLE_IDENTIFIER = com.kyome.MinBrowserUITests;
				PRODUCT_NAME = "$(TARGET_NAME)";
				SUPPORTED_PLATFORMS = "iphoneos iphonesimulator";
				SUPPORTS_MACCATALYST = NO;
				SUPPORTS_MAC_DESIGNED_FOR_IPHONE_IPAD = NO;
				SWIFT_EMIT_LOC_STRINGS = NO;
				SWIFT_VERSION = 5.0;
				TARGETED_DEVICE_FAMILY = "1,2";
				TEST_TARGET_NAME = MinBrowser;
			};
			name = Debug;
		};
		1CD37BC027F826D900D7CF7A /* Release */ = {
			isa = XCBuildConfiguration;
			buildSettings = {
				ALWAYS_EMBED_SWIFT_STANDARD_LIBRARIES = YES;
				CODE_SIGN_STYLE = Automatic;
				CURRENT_PROJECT_VERSION = 1;
				DEVELOPMENT_TEAM = VJ5N2X84K8;
				GENERATE_INFOPLIST_FILE = YES;
				MARKETING_VERSION = 1.0;
				PRODUCT_BUNDLE_IDENTIFIER = com.kyome.MinBrowserUITests;
				PRODUCT_NAME = "$(TARGET_NAME)";
				SUPPORTED_PLATFORMS = "iphoneos iphonesimulator";
				SUPPORTS_MACCATALYST = NO;
				SUPPORTS_MAC_DESIGNED_FOR_IPHONE_IPAD = NO;
				SWIFT_EMIT_LOC_STRINGS = NO;
				SWIFT_VERSION = 5.0;
				TARGETED_DEVICE_FAMILY = "1,2";
				TEST_TARGET_NAME = MinBrowser;
			};
			name = Release;
		};
		1CD37BD127F82D2E00D7CF7A /* Debug */ = {
			isa = XCBuildConfiguration;
			buildSettings = {
				CODE_SIGN_STYLE = Automatic;
				CURRENT_PROJECT_VERSION = 1.0.1;
				DEVELOPMENT_TEAM = VJ5N2X84K8;
				GENERATE_INFOPLIST_FILE = YES;
				INFOPLIST_FILE = MinBrowserShare/Info.plist;
				INFOPLIST_KEY_CFBundleDisplayName = MinBrowserShare;
				INFOPLIST_KEY_NSHumanReadableCopyright = "";
				LD_RUNPATH_SEARCH_PATHS = (
					"$(inherited)",
					"@executable_path/Frameworks",
					"@executable_path/../../Frameworks",
				);
				MARKETING_VERSION = 1.0;
				PRODUCT_BUNDLE_IDENTIFIER = com.kyome.MinBrowser.MinBrowserShare;
				PRODUCT_NAME = "$(TARGET_NAME)";
				SKIP_INSTALL = YES;
				SWIFT_EMIT_LOC_STRINGS = YES;
				SWIFT_VERSION = 5.0;
				TARGETED_DEVICE_FAMILY = "1,2";
			};
			name = Debug;
		};
		1CD37BD227F82D2E00D7CF7A /* Release */ = {
			isa = XCBuildConfiguration;
			buildSettings = {
				CODE_SIGN_STYLE = Automatic;
				CURRENT_PROJECT_VERSION = 1.0.1;
				DEVELOPMENT_TEAM = VJ5N2X84K8;
				GENERATE_INFOPLIST_FILE = YES;
				INFOPLIST_FILE = MinBrowserShare/Info.plist;
				INFOPLIST_KEY_CFBundleDisplayName = MinBrowserShare;
				INFOPLIST_KEY_NSHumanReadableCopyright = "";
				LD_RUNPATH_SEARCH_PATHS = (
					"$(inherited)",
					"@executable_path/Frameworks",
					"@executable_path/../../Frameworks",
				);
				MARKETING_VERSION = 1.0;
				PRODUCT_BUNDLE_IDENTIFIER = com.kyome.MinBrowser.MinBrowserShare;
				PRODUCT_NAME = "$(TARGET_NAME)";
				SKIP_INSTALL = YES;
				SWIFT_EMIT_LOC_STRINGS = YES;
				SWIFT_VERSION = 5.0;
				TARGETED_DEVICE_FAMILY = "1,2";
			};
			name = Release;
		};
/* End XCBuildConfiguration section */

/* Begin XCConfigurationList section */
		1CD37B8F27F826D800D7CF7A /* Build configuration list for PBXProject "MinBrowser" */ = {
			isa = XCConfigurationList;
			buildConfigurations = (
				1CD37BB627F826D900D7CF7A /* Debug */,
				1CD37BB727F826D900D7CF7A /* Release */,
			);
			defaultConfigurationIsVisible = 0;
			defaultConfigurationName = Release;
		};
		1CD37BB827F826D900D7CF7A /* Build configuration list for PBXNativeTarget "MinBrowser" */ = {
			isa = XCConfigurationList;
			buildConfigurations = (
				1CD37BB927F826D900D7CF7A /* Debug */,
				1CD37BBA27F826D900D7CF7A /* Release */,
			);
			defaultConfigurationIsVisible = 0;
			defaultConfigurationName = Release;
		};
		1CD37BBB27F826D900D7CF7A /* Build configuration list for PBXNativeTarget "MinBrowserTests" */ = {
			isa = XCConfigurationList;
			buildConfigurations = (
				1CD37BBC27F826D900D7CF7A /* Debug */,
				1CD37BBD27F826D900D7CF7A /* Release */,
			);
			defaultConfigurationIsVisible = 0;
			defaultConfigurationName = Release;
		};
		1CD37BBE27F826D900D7CF7A /* Build configuration list for PBXNativeTarget "MinBrowserUITests" */ = {
			isa = XCConfigurationList;
			buildConfigurations = (
				1CD37BBF27F826D900D7CF7A /* Debug */,
				1CD37BC027F826D900D7CF7A /* Release */,
			);
			defaultConfigurationIsVisible = 0;
			defaultConfigurationName = Release;
		};
		1CD37BD027F82D2E00D7CF7A /* Build configuration list for PBXNativeTarget "MinBrowserShare" */ = {
			isa = XCConfigurationList;
			buildConfigurations = (
				1CD37BD127F82D2E00D7CF7A /* Debug */,
				1CD37BD227F82D2E00D7CF7A /* Release */,
			);
			defaultConfigurationIsVisible = 0;
			defaultConfigurationName = Release;
		};
/* End XCConfigurationList section */
	};
	rootObject = 1CD37B8C27F826D800D7CF7A /* Project object */;
}
