{
  "object": {
    "pins": [
      {
        "package": "LineCounter",
        "repositoryURL": "https://github.com/Kyome22/LineCounter.git",
        "state": {
          "branch": "main",
          "revision": "f4e570ef5c679da68629c5beb0759a2f373fd7c1",
          "version": null
        }
      },
      {
        "package": "swift-argument-parser",
        "repositoryURL": "https://github.com/apple/swift-argument-parser.git",
        "state": {
          "branch": null,
          "revision": "e394bf350e38cb100b6bc4172834770ede1b7232",
          "version": "1.0.3"
        }
      }
    ]
  },
  "version": 1
}
