// !$*UTF8*$!
{
	archiveVersion = 1;
	classes = {
	};
	objectVersion = 56;
	objects = {

/* Begin PBXBuildFile section */
		1C67D1282AE02C8F009F4A60 /* TelescopureApp.swift in Sources */ = {isa = PBXBuildFile; fileRef = 1C67D1272AE02C8F009F4A60 /* TelescopureApp.swift */; };
		1C67D12C2AE02C90009F4A60 /* Assets.xcassets in Resources */ = {isa = PBXBuildFile; fileRef = 1C67D12B2AE02C90009F4A60 /* Assets.xcassets */; };
		1C67D12F2AE02C90009F4A60 /* Preview Assets.xcassets in Resources */ = {isa = PBXBuildFile; fileRef = 1C67D12E2AE02C90009F4A60 /* Preview Assets.xcassets */; };
		1C67D1392AE02C90009F4A60 /* TelescopureTests.swift in Sources */ = {isa = PBXBuildFile; fileRef = 1C67D1382AE02C90009F4A60 /* TelescopureTests.swift */; };
		1C67D1432AE02C90009F4A60 /* TelescopureUITests.swift in Sources */ = {isa = PBXBuildFile; fileRef = 1C67D1422AE02C90009F4A60 /* TelescopureUITests.swift */; };
		1C67D1582AE02EED009F4A60 /* DebugLog.swift in Sources */ = {isa = PBXBuildFile; fileRef = 1C67D1572AE02EED009F4A60 /* DebugLog.swift */; };
		1C67D15C2AE02EF7009F4A60 /* Color+Extensions.swift in Sources */ = {isa = PBXBuildFile; fileRef = 1C67D1592AE02EF7009F4A60 /* Color+Extensions.swift */; };
		1C67D15D2AE02EF7009F4A60 /* String+Extensions.swift in Sources */ = {isa = PBXBuildFile; fileRef = 1C67D15A2AE02EF7009F4A60 /* String+Extensions.swift */; };
		1C67D15E2AE02EF7009F4A60 /* WKWebView+Extension.swift in Sources */ = {isa = PBXBuildFile; fileRef = 1C67D15B2AE02EF7009F4A60 /* WKWebView+Extension.swift */; };
		1C67D1672AE02F04009F4A60 /* WrappedWKWebView.swift in Sources */ = {isa = PBXBuildFile; fileRef = 1C67D15F2AE02F04009F4A60 /* WrappedWKWebView.swift */; };
		1C67D1682AE02F04009F4A60 /* LogoView.swift in Sources */ = {isa = PBXBuildFile; fileRef = 1C67D1602AE02F04009F4A60 /* LogoView.swift */; };
		1C67D1692AE02F04009F4A60 /* ToolBar.swift in Sources */ = {isa = PBXBuildFile; fileRef = 1C67D1612AE02F04009F4A60 /* ToolBar.swift */; };
		1C67D16A2AE02F04009F4A60 /* ShowToolBarButton.swift in Sources */ = {isa = PBXBuildFile; fileRef = 1C67D1622AE02F04009F4A60 /* ShowToolBarButton.swift */; };
		1C67D16B2AE02F04009F4A60 /* SearchBar.swift in Sources */ = {isa = PBXBuildFile; fileRef = 1C67D1632AE02F04009F4A60 /* SearchBar.swift */; };
		1C67D16C2AE02F04009F4A60 /* BookmarkButtonStyle.swift in Sources */ = {isa = PBXBuildFile; fileRef = 1C67D1642AE02F04009F4A60 /* BookmarkButtonStyle.swift */; };
		1C67D16D2AE02F04009F4A60 /* BookmarkView.swift in Sources */ = {isa = PBXBuildFile; fileRef = 1C67D1652AE02F04009F4A60 /* BookmarkView.swift */; };
		1C67D16E2AE02F04009F4A60 /* WebView.swift in Sources */ = {isa = PBXBuildFile; fileRef = 1C67D1662AE02F04009F4A60 /* WebView.swift */; };
		1C67D1732AE02F10009F4A60 /* Bookmark.swift in Sources */ = {isa = PBXBuildFile; fileRef = 1C67D16F2AE02F10009F4A60 /* Bookmark.swift */; };
		1C67D1742AE02F10009F4A60 /* WebViewModel.swift in Sources */ = {isa = PBXBuildFile; fileRef = 1C67D1702AE02F10009F4A60 /* WebViewModel.swift */; };
		1C67D1752AE02F10009F4A60 /* SearchEngine.swift in Sources */ = {isa = PBXBuildFile; fileRef = 1C67D1712AE02F10009F4A60 /* SearchEngine.swift */; };
		1C67D1762AE02F10009F4A60 /* WebDialog.swift in Sources */ = {isa = PBXBuildFile; fileRef = 1C67D1722AE02F10009F4A60 /* WebDialog.swift */; };
		1C67D17A2AE02F4C009F4A60 /* Settings.bundle in Resources */ = {isa = PBXBuildFile; fileRef = 1C67D1792AE02F4C009F4A60 /* Settings.bundle */; };
		1C67D17F2AE0323B009F4A60 /* WKWebViewMock.swift in Sources */ = {isa = PBXBuildFile; fileRef = 1C67D17E2AE0323B009F4A60 /* WKWebViewMock.swift */; };
		1C67D1872AE032AB009F4A60 /* ShareViewController.swift in Sources */ = {isa = PBXBuildFile; fileRef = 1C67D1862AE032AB009F4A60 /* ShareViewController.swift */; };
		1C67D18A2AE032AB009F4A60 /* MainInterface.storyboard in Resources */ = {isa = PBXBuildFile; fileRef = 1C67D1882AE032AB009F4A60 /* MainInterface.storyboard */; };
		1C67D18E2AE032AB009F4A60 /* TelescopureShare.appex in Embed Foundation Extensions */ = {isa = PBXBuildFile; fileRef = 1C67D1842AE032AB009F4A60 /* TelescopureShare.appex */; settings = {ATTRIBUTES = (RemoveHeadersOnCopy, ); }; };
		1C67D1992AE033DF009F4A60 /* ShareView.swift in Sources */ = {isa = PBXBuildFile; fileRef = 1C67D1982AE033DF009F4A60 /* ShareView.swift */; };
		1C67D19B2AE033EA009F4A60 /* ShareViewModelMock.swift in Sources */ = {isa = PBXBuildFile; fileRef = 1C67D19A2AE033EA009F4A60 /* ShareViewModelMock.swift */; };
		1C67D19D2AE033F0009F4A60 /* ShareViewModel.swift in Sources */ = {isa = PBXBuildFile; fileRef = 1C67D19C2AE033F0009F4A60 /* ShareViewModel.swift */; };
		1C67D1A02AE033F7009F4A60 /* SharedType.swift in Sources */ = {isa = PBXBuildFile; fileRef = 1C67D19E2AE033F7009F4A60 /* SharedType.swift */; };
		1C67D1A12AE033F7009F4A60 /* ShareError.swift in Sources */ = {isa = PBXBuildFile; fileRef = 1C67D19F2AE033F7009F4A60 /* ShareError.swift */; };
		1C67D1A22AE03594009F4A60 /* Color+Extensions.swift in Sources */ = {isa = PBXBuildFile; fileRef = 1C67D1592AE02EF7009F4A60 /* Color+Extensions.swift */; };
		1C67D1A42AE035D4009F4A60 /* Localizable.xcstrings in Resources */ = {isa = PBXBuildFile; fileRef = 1C67D1A32AE035D4009F4A60 /* Localizable.xcstrings */; };
		1C67D1A62AE0366C009F4A60 /* Localizable.xcstrings in Resources */ = {isa = PBXBuildFile; fileRef = 1C67D1A52AE0366C009F4A60 /* Localizable.xcstrings */; };
		1C67D1A82AE03937009F4A60 /* InfoPlist.xcstrings in Resources */ = {isa = PBXBuildFile; fileRef = 1C67D1A72AE03937009F4A60 /* InfoPlist.xcstrings */; };
		1CE7245B2AF509B5000B24EC /* error.html in Resources */ = {isa = PBXBuildFile; fileRef = 1CE724582AF507E9000B24EC /* error.html */; };
		1CE7245D2AF68638000B24EC /* BookmarkViewModel.swift in Sources */ = {isa = PBXBuildFile; fileRef = 1CE7245C2AF68638000B24EC /* BookmarkViewModel.swift */; };
/* End PBXBuildFile section */

/* Begin PBXContainerItemProxy section */
		1C67D1352AE02C90009F4A60 /* PBXContainerItemProxy */ = {
			isa = PBXContainerItemProxy;
			containerPortal = 1C67D11C2AE02C8F009F4A60 /* Project object */;
			proxyType = 1;
			remoteGlobalIDString = 1C67D1232AE02C8F009F4A60;
			remoteInfo = Telescopure;
		};
		1C67D13F2AE02C90009F4A60 /* PBXContainerItemProxy */ = {
			isa = PBXContainerItemProxy;
			containerPortal = 1C67D11C2AE02C8F009F4A60 /* Project object */;
			proxyType = 1;
			remoteGlobalIDString = 1C67D1232AE02C8F009F4A60;
			remoteInfo = Telescopure;
		};
		1C67D18C2AE032AB009F4A60 /* PBXContainerItemProxy */ = {
			isa = PBXContainerItemProxy;
			containerPortal = 1C67D11C2AE02C8F009F4A60 /* Project object */;
			proxyType = 1;
			remoteGlobalIDString = 1C67D1832AE032AB009F4A60;
			remoteInfo = TelescopureShare;
		};
/* End PBXContainerItemProxy section */

/* Begin PBXCopyFilesBuildPhase section */
		1C67D1922AE032AB009F4A60 /* Embed Foundation Extensions */ = {
			isa = PBXCopyFilesBuildPhase;
			buildActionMask = 2147483647;
			dstPath = "";
			dstSubfolderSpec = 13;
			files = (
				1C67D18E2AE032AB009F4A60 /* TelescopureShare.appex in Embed Foundation Extensions */,
			);
			name = "Embed Foundation Extensions";
			runOnlyForDeploymentPostprocessing = 0;
		};
/* End PBXCopyFilesBuildPhase section */

/* Begin PBXFileReference section */
		1C67D1242AE02C8F009F4A60 /* Telescopure.app */ = {isa = PBXFileReference; explicitFileType = wrapper.application; includeInIndex = 0; path = Telescopure.app; sourceTree = BUILT_PRODUCTS_DIR; };
		1C67D1272AE02C8F009F4A60 /* TelescopureApp.swift */ = {isa = PBXFileReference; lastKnownFileType = sourcecode.swift; path = TelescopureApp.swift; sourceTree = "<group>"; };
		1C67D12B2AE02C90009F4A60 /* Assets.xcassets */ = {isa = PBXFileReference; lastKnownFileType = folder.assetcatalog; path = Assets.xcassets; sourceTree = "<group>"; };
		1C67D12E2AE02C90009F4A60 /* Preview Assets.xcassets */ = {isa = PBXFileReference; lastKnownFileType = folder.assetcatalog; path = "Preview Assets.xcassets"; sourceTree = "<group>"; };
		1C67D1342AE02C90009F4A60 /* TelescopureTests.xctest */ = {isa = PBXFileReference; explicitFileType = wrapper.cfbundle; includeInIndex = 0; path = TelescopureTests.xctest; sourceTree = BUILT_PRODUCTS_DIR; };
		1C67D1382AE02C90009F4A60 /* TelescopureTests.swift */ = {isa = PBXFileReference; lastKnownFileType = sourcecode.swift; path = TelescopureTests.swift; sourceTree = "<group>"; };
		1C67D13E2AE02C90009F4A60 /* TelescopureUITests.xctest */ = {isa = PBXFileReference; explicitFileType = wrapper.cfbundle; includeInIndex = 0; path = TelescopureUITests.xctest; sourceTree = BUILT_PRODUCTS_DIR; };
		1C67D1422AE02C90009F4A60 /* TelescopureUITests.swift */ = {isa = PBXFileReference; lastKnownFileType = sourcecode.swift; path = TelescopureUITests.swift; sourceTree = "<group>"; };
		1C67D1512AE02D10009F4A60 /* Info.plist */ = {isa = PBXFileReference; lastKnownFileType = text.plist; path = Info.plist; sourceTree = "<group>"; };
		1C67D1572AE02EED009F4A60 /* DebugLog.swift */ = {isa = PBXFileReference; fileEncoding = 4; lastKnownFileType = sourcecode.swift; path = DebugLog.swift; sourceTree = "<group>"; };
		1C67D1592AE02EF7009F4A60 /* Color+Extensions.swift */ = {isa = PBXFileReference; fileEncoding = 4; lastKnownFileType = sourcecode.swift; path = "Color+Extensions.swift"; sourceTree = "<group>"; };
		1C67D15A2AE02EF7009F4A60 /* String+Extensions.swift */ = {isa = PBXFileReference; fileEncoding = 4; lastKnownFileType = sourcecode.swift; path = "String+Extensions.swift"; sourceTree = "<group>"; };
		1C67D15B2AE02EF7009F4A60 /* WKWebView+Extension.swift */ = {isa = PBXFileReference; fileEncoding = 4; lastKnownFileType = sourcecode.swift; path = "WKWebView+Extension.swift"; sourceTree = "<group>"; };
		1C67D15F2AE02F04009F4A60 /* WrappedWKWebView.swift */ = {isa = PBXFileReference; fileEncoding = 4; lastKnownFileType = sourcecode.swift; path = WrappedWKWebView.swift; sourceTree = "<group>"; };
		1C67D1602AE02F04009F4A60 /* LogoView.swift */ = {isa = PBXFileReference; fileEncoding = 4; lastKnownFileType = sourcecode.swift; path = LogoView.swift; sourceTree = "<group>"; };
		1C67D1612AE02F04009F4A60 /* ToolBar.swift */ = {isa = PBXFileReference; fileEncoding = 4; lastKnownFileType = sourcecode.swift; path = ToolBar.swift; sourceTree = "<group>"; };
		1C67D1622AE02F04009F4A60 /* ShowToolBarButton.swift */ = {isa = PBXFileReference; fileEncoding = 4; lastKnownFileType = sourcecode.swift; path = ShowToolBarButton.swift; sourceTree = "<group>"; };
		1C67D1632AE02F04009F4A60 /* SearchBar.swift */ = {isa = PBXFileReference; fileEncoding = 4; lastKnownFileType = sourcecode.swift; path = SearchBar.swift; sourceTree = "<group>"; };
		1C67D1642AE02F04009F4A60 /* BookmarkButtonStyle.swift */ = {isa = PBXFileReference; fileEncoding = 4; lastKnownFileType = sourcecode.swift; path = BookmarkButtonStyle.swift; sourceTree = "<group>"; };
		1C67D1652AE02F04009F4A60 /* BookmarkView.swift */ = {isa = PBXFileReference; fileEncoding = 4; lastKnownFileType = sourcecode.swift; path = BookmarkView.swift; sourceTree = "<group>"; };
		1C67D1662AE02F04009F4A60 /* WebView.swift */ = {isa = PBXFileReference; fileEncoding = 4; lastKnownFileType = sourcecode.swift; path = WebView.swift; sourceTree = "<group>"; };
		1C67D16F2AE02F10009F4A60 /* Bookmark.swift */ = {isa = PBXFileReference; fileEncoding = 4; lastKnownFileType = sourcecode.swift; path = Bookmark.swift; sourceTree = "<group>"; };
		1C67D1702AE02F10009F4A60 /* WebViewModel.swift */ = {isa = PBXFileReference; fileEncoding = 4; lastKnownFileType = sourcecode.swift; path = WebViewModel.swift; sourceTree = "<group>"; };
		1C67D1712AE02F10009F4A60 /* SearchEngine.swift */ = {isa = PBXFileReference; fileEncoding = 4; lastKnownFileType = sourcecode.swift; path = SearchEngine.swift; sourceTree = "<group>"; };
		1C67D1722AE02F10009F4A60 /* WebDialog.swift */ = {isa = PBXFileReference; fileEncoding = 4; lastKnownFileType = sourcecode.swift; path = WebDialog.swift; sourceTree = "<group>"; };
		1C67D1792AE02F4C009F4A60 /* Settings.bundle */ = {isa = PBXFileReference; lastKnownFileType = "wrapper.plug-in"; path = Settings.bundle; sourceTree = "<group>"; };
		1C67D17E2AE0323B009F4A60 /* WKWebViewMock.swift */ = {isa = PBXFileReference; lastKnownFileType = sourcecode.swift; path = WKWebViewMock.swift; sourceTree = "<group>"; };
		1C67D1842AE032AB009F4A60 /* TelescopureShare.appex */ = {isa = PBXFileReference; explicitFileType = "wrapper.app-extension"; includeInIndex = 0; path = TelescopureShare.appex; sourceTree = BUILT_PRODUCTS_DIR; };
		1C67D1862AE032AB009F4A60 /* ShareViewController.swift */ = {isa = PBXFileReference; lastKnownFileType = sourcecode.swift; path = ShareViewController.swift; sourceTree = "<group>"; };
		1C67D1892AE032AB009F4A60 /* Base */ = {isa = PBXFileReference; lastKnownFileType = file.storyboard; name = Base; path = Base.lproj/MainInterface.storyboard; sourceTree = "<group>"; };
		1C67D18B2AE032AB009F4A60 /* Info.plist */ = {isa = PBXFileReference; lastKnownFileType = text.plist.xml; path = Info.plist; sourceTree = "<group>"; };
		1C67D1982AE033DF009F4A60 /* ShareView.swift */ = {isa = PBXFileReference; fileEncoding = 4; lastKnownFileType = sourcecode.swift; path = ShareView.swift; sourceTree = "<group>"; };
		1C67D19A2AE033EA009F4A60 /* ShareViewModelMock.swift */ = {isa = PBXFileReference; fileEncoding = 4; lastKnownFileType = sourcecode.swift; path = ShareViewModelMock.swift; sourceTree = "<group>"; };
		1C67D19C2AE033F0009F4A60 /* ShareViewModel.swift */ = {isa = PBXFileReference; fileEncoding = 4; lastKnownFileType = sourcecode.swift; path = ShareViewModel.swift; sourceTree = "<group>"; };
		1C67D19E2AE033F7009F4A60 /* SharedType.swift */ = {isa = PBXFileReference; fileEncoding = 4; lastKnownFileType = sourcecode.swift; path = SharedType.swift; sourceTree = "<group>"; };
		1C67D19F2AE033F7009F4A60 /* ShareError.swift */ = {isa = PBXFileReference; fileEncoding = 4; lastKnownFileType = sourcecode.swift; path = ShareError.swift; sourceTree = "<group>"; };
		1C67D1A32AE035D4009F4A60 /* Localizable.xcstrings */ = {isa = PBXFileReference; lastKnownFileType = text.json.xcstrings; path = Localizable.xcstrings; sourceTree = "<group>"; };
		1C67D1A52AE0366C009F4A60 /* Localizable.xcstrings */ = {isa = PBXFileReference; lastKnownFileType = text.json.xcstrings; path = Localizable.xcstrings; sourceTree = "<group>"; };
		1C67D1A72AE03937009F4A60 /* InfoPlist.xcstrings */ = {isa = PBXFileReference; lastKnownFileType = text.json.xcstrings; path = InfoPlist.xcstrings; sourceTree = "<group>"; };
		1CE724582AF507E9000B24EC /* error.html */ = {isa = PBXFileReference; lastKnownFileType = text.html; path = error.html; sourceTree = "<group>"; };
		1CE7245C2AF68638000B24EC /* BookmarkViewModel.swift */ = {isa = PBXFileReference; lastKnownFileType = sourcecode.swift; path = BookmarkViewModel.swift; sourceTree = "<group>"; };
		1CE7245E2AF69EE9000B24EC /* Telescopure.xctestplan */ = {isa = PBXFileReference; lastKnownFileType = text; path = Telescopure.xctestplan; sourceTree = "<group>"; };
/* End PBXFileReference section */

/* Begin PBXFrameworksBuildPhase section */
		1C67D1212AE02C8F009F4A60 /* Frameworks */ = {
			isa = PBXFrameworksBuildPhase;
			buildActionMask = 2147483647;
			files = (
			);
			runOnlyForDeploymentPostprocessing = 0;
		};
		1C67D1312AE02C90009F4A60 /* Frameworks */ = {
			isa = PBXFrameworksBuildPhase;
			buildActionMask = 2147483647;
			files = (
			);
			runOnlyForDeploymentPostprocessing = 0;
		};
		1C67D13B2AE02C90009F4A60 /* Frameworks */ = {
			isa = PBXFrameworksBuildPhase;
			buildActionMask = 2147483647;
			files = (
			);
			runOnlyForDeploymentPostprocessing = 0;
		};
		1C67D1812AE032AB009F4A60 /* Frameworks */ = {
			isa = PBXFrameworksBuildPhase;
			buildActionMask = 2147483647;
			files = (
			);
			runOnlyForDeploymentPostprocessing = 0;
		};
/* End PBXFrameworksBuildPhase section */

/* Begin PBXGroup section */
		1C67D11B2AE02C8F009F4A60 = {
			isa = PBXGroup;
			children = (
				1C67D1262AE02C8F009F4A60 /* Telescopure */,
				1CE7245E2AF69EE9000B24EC /* Telescopure.xctestplan */,
				1C67D1372AE02C90009F4A60 /* TelescopureTests */,
				1C67D1412AE02C90009F4A60 /* TelescopureUITests */,
				1C67D1852AE032AB009F4A60 /* TelescopureShare */,
				1C67D1252AE02C8F009F4A60 /* Products */,
			);
			sourceTree = "<group>";
		};
		1C67D1252AE02C8F009F4A60 /* Products */ = {
			isa = PBXGroup;
			children = (
				1C67D1242AE02C8F009F4A60 /* Telescopure.app */,
				1C67D1342AE02C90009F4A60 /* TelescopureTests.xctest */,
				1C67D13E2AE02C90009F4A60 /* TelescopureUITests.xctest */,
				1C67D1842AE032AB009F4A60 /* TelescopureShare.appex */,
			);
			name = Products;
			sourceTree = "<group>";
		};
		1C67D1262AE02C8F009F4A60 /* Telescopure */ = {
			isa = PBXGroup;
			children = (
				1C67D1512AE02D10009F4A60 /* Info.plist */,
				1C67D1A72AE03937009F4A60 /* InfoPlist.xcstrings */,
				1C67D1A52AE0366C009F4A60 /* Localizable.xcstrings */,
				1C67D12B2AE02C90009F4A60 /* Assets.xcassets */,
				1C67D1792AE02F4C009F4A60 /* Settings.bundle */,
				1CE724552AF505C0000B24EC /* HTML */,
				1C67D1542AE02E83009F4A60 /* Data */,
				1C67D1562AE02E97009F4A60 /* Domain */,
				1C67D1532AE02E68009F4A60 /* Presentation */,
				1C67D1522AE02E5D009F4A60 /* Helper */,
				1C67D12D2AE02C90009F4A60 /* Preview Content */,
			);
			path = Telescopure;
			sourceTree = "<group>";
		};
		1C67D12D2AE02C90009F4A60 /* Preview Content */ = {
			isa = PBXGroup;
			children = (
				1C67D12E2AE02C90009F4A60 /* Preview Assets.xcassets */,
			);
			path = "Preview Content";
			sourceTree = "<group>";
		};
		1C67D1372AE02C90009F4A60 /* TelescopureTests */ = {
			isa = PBXGroup;
			children = (
				1C67D1382AE02C90009F4A60 /* TelescopureTests.swift */,
				1C67D17E2AE0323B009F4A60 /* WKWebViewMock.swift */,
			);
			path = TelescopureTests;
			sourceTree = "<group>";
		};
		1C67D1412AE02C90009F4A60 /* TelescopureUITests */ = {
			isa = PBXGroup;
			children = (
				1C67D1422AE02C90009F4A60 /* TelescopureUITests.swift */,
			);
			path = TelescopureUITests;
			sourceTree = "<group>";
		};
		1C67D1522AE02E5D009F4A60 /* Helper */ = {
			isa = PBXGroup;
			children = (
				1C67D1572AE02EED009F4A60 /* DebugLog.swift */,
				1C67D1592AE02EF7009F4A60 /* Color+Extensions.swift */,
				1C67D15A2AE02EF7009F4A60 /* String+Extensions.swift */,
				1C67D15B2AE02EF7009F4A60 /* WKWebView+Extension.swift */,
			);
			path = Helper;
			sourceTree = "<group>";
		};
		1C67D1532AE02E68009F4A60 /* Presentation */ = {
			isa = PBXGroup;
			children = (
				1C67D1272AE02C8F009F4A60 /* TelescopureApp.swift */,
				1C67D17D2AE0304D009F4A60 /* Style */,
				1C67D17C2AE03042009F4A60 /* View */,
			);
			path = Presentation;
			sourceTree = "<group>";
		};
		1C67D1542AE02E83009F4A60 /* Data */ = {
			isa = PBXGroup;
			children = (
				1C67D1552AE02E8C009F4A60 /* Entity */,
			);
			path = Data;
			sourceTree = "<group>";
		};
		1C67D1552AE02E8C009F4A60 /* Entity */ = {
			isa = PBXGroup;
			children = (
				1C67D16F2AE02F10009F4A60 /* Bookmark.swift */,
				1C67D1712AE02F10009F4A60 /* SearchEngine.swift */,
				1C67D1722AE02F10009F4A60 /* WebDialog.swift */,
			);
			path = Entity;
			sourceTree = "<group>";
		};
		1C67D1562AE02E97009F4A60 /* Domain */ = {
			isa = PBXGroup;
			children = (
				1C67D17B2AE03035009F4A60 /* ViewModel */,
			);
			path = Domain;
			sourceTree = "<group>";
		};
		1C67D17B2AE03035009F4A60 /* ViewModel */ = {
			isa = PBXGroup;
			children = (
				1CE7245C2AF68638000B24EC /* BookmarkViewModel.swift */,
				1C67D1702AE02F10009F4A60 /* WebViewModel.swift */,
			);
			path = ViewModel;
			sourceTree = "<group>";
		};
		1C67D17C2AE03042009F4A60 /* View */ = {
			isa = PBXGroup;
			children = (
				1C67D1652AE02F04009F4A60 /* BookmarkView.swift */,
				1C67D1602AE02F04009F4A60 /* LogoView.swift */,
				1C67D1632AE02F04009F4A60 /* SearchBar.swift */,
				1C67D1622AE02F04009F4A60 /* ShowToolBarButton.swift */,
				1C67D1612AE02F04009F4A60 /* ToolBar.swift */,
				1C67D1662AE02F04009F4A60 /* WebView.swift */,
				1C67D15F2AE02F04009F4A60 /* WrappedWKWebView.swift */,
			);
			path = View;
			sourceTree = "<group>";
		};
		1C67D17D2AE0304D009F4A60 /* Style */ = {
			isa = PBXGroup;
			children = (
				1C67D1642AE02F04009F4A60 /* BookmarkButtonStyle.swift */,
			);
			path = Style;
			sourceTree = "<group>";
		};
		1C67D1852AE032AB009F4A60 /* TelescopureShare */ = {
			isa = PBXGroup;
			children = (
				1C67D18B2AE032AB009F4A60 /* Info.plist */,
				1C67D1A32AE035D4009F4A60 /* Localizable.xcstrings */,
				1C67D1932AE0338F009F4A60 /* Data */,
				1C67D1972AE033A7009F4A60 /* Domain */,
				1C67D1952AE0339B009F4A60 /* Presentation */,
			);
			path = TelescopureShare;
			sourceTree = "<group>";
		};
		1C67D1932AE0338F009F4A60 /* Data */ = {
			isa = PBXGroup;
			children = (
				1C67D1942AE03395009F4A60 /* Entity */,
			);
			path = Data;
			sourceTree = "<group>";
		};
		1C67D1942AE03395009F4A60 /* Entity */ = {
			isa = PBXGroup;
			children = (
				1C67D19E2AE033F7009F4A60 /* SharedType.swift */,
				1C67D19F2AE033F7009F4A60 /* ShareError.swift */,
			);
			path = Entity;
			sourceTree = "<group>";
		};
		1C67D1952AE0339B009F4A60 /* Presentation */ = {
			isa = PBXGroup;
			children = (
				1C67D1882AE032AB009F4A60 /* MainInterface.storyboard */,
				1C67D1862AE032AB009F4A60 /* ShareViewController.swift */,
				1C67D1962AE033A2009F4A60 /* View */,
			);
			path = Presentation;
			sourceTree = "<group>";
		};
		1C67D1962AE033A2009F4A60 /* View */ = {
			isa = PBXGroup;
			children = (
				1C67D1982AE033DF009F4A60 /* ShareView.swift */,
			);
			path = View;
			sourceTree = "<group>";
		};
		1C67D1972AE033A7009F4A60 /* Domain */ = {
			isa = PBXGroup;
			children = (
				1C67D19C2AE033F0009F4A60 /* ShareViewModel.swift */,
				1C67D19A2AE033EA009F4A60 /* ShareViewModelMock.swift */,
			);
			path = Domain;
			sourceTree = "<group>";
		};
		1CE724552AF505C0000B24EC /* HTML */ = {
			isa = PBXGroup;
			children = (
				1CE724582AF507E9000B24EC /* error.html */,
			);
			path = HTML;
			sourceTree = "<group>";
		};
/* End PBXGroup section */

/* Begin PBXNativeTarget section */
		1C67D1232AE02C8F009F4A60 /* Telescopure */ = {
			isa = PBXNativeTarget;
			buildConfigurationList = 1C67D1482AE02C90009F4A60 /* Build configuration list for PBXNativeTarget "Telescopure" */;
			buildPhases = (
				1C67D1202AE02C8F009F4A60 /* Sources */,
				1C67D1212AE02C8F009F4A60 /* Frameworks */,
				1C67D1222AE02C8F009F4A60 /* Resources */,
				1C67D1922AE032AB009F4A60 /* Embed Foundation Extensions */,
			);
			buildRules = (
			);
			dependencies = (
				1C67D18D2AE032AB009F4A60 /* PBXTargetDependency */,
			);
			name = Telescopure;
			productName = Telescopure;
			productReference = 1C67D1242AE02C8F009F4A60 /* Telescopure.app */;
			productType = "com.apple.product-type.application";
		};
		1C67D1332AE02C90009F4A60 /* TelescopureTests */ = {
			isa = PBXNativeTarget;
			buildConfigurationList = 1C67D14B2AE02C90009F4A60 /* Build configuration list for PBXNativeTarget "TelescopureTests" */;
			buildPhases = (
				1C67D1302AE02C90009F4A60 /* Sources */,
				1C67D1312AE02C90009F4A60 /* Frameworks */,
				1C67D1322AE02C90009F4A60 /* Resources */,
			);
			buildRules = (
			);
			dependencies = (
				1C67D1362AE02C90009F4A60 /* PBXTargetDependency */,
			);
			name = TelescopureTests;
			productName = TelescopureTests;
			productReference = 1C67D1342AE02C90009F4A60 /* TelescopureTests.xctest */;
			productType = "com.apple.product-type.bundle.unit-test";
		};
		1C67D13D2AE02C90009F4A60 /* TelescopureUITests */ = {
			isa = PBXNativeTarget;
			buildConfigurationList = 1C67D14E2AE02C90009F4A60 /* Build configuration list for PBXNativeTarget "TelescopureUITests" */;
			buildPhases = (
				1C67D13A2AE02C90009F4A60 /* Sources */,
				1C67D13B2AE02C90009F4A60 /* Frameworks */,
				1C67D13C2AE02C90009F4A60 /* Resources */,
			);
			buildRules = (
			);
			dependencies = (
				1C67D1402AE02C90009F4A60 /* PBXTargetDependency */,
			);
			name = TelescopureUITests;
			productName = TelescopureUITests;
			productReference = 1C67D13E2AE02C90009F4A60 /* TelescopureUITests.xctest */;
			productType = "com.apple.product-type.bundle.ui-testing";
		};
		1C67D1832AE032AB009F4A60 /* TelescopureShare */ = {
			isa = PBXNativeTarget;
			buildConfigurationList = 1C67D18F2AE032AB009F4A60 /* Build configuration list for PBXNativeTarget "TelescopureShare" */;
			buildPhases = (
				1C67D1802AE032AB009F4A60 /* Sources */,
				1C67D1812AE032AB009F4A60 /* Frameworks */,
				1C67D1822AE032AB009F4A60 /* Resources */,
			);
			buildRules = (
			);
			dependencies = (
			);
			name = TelescopureShare;
			productName = TelescopureShare;
			productReference = 1C67D1842AE032AB009F4A60 /* TelescopureShare.appex */;
			productType = "com.apple.product-type.app-extension";
		};
/* End PBXNativeTarget section */

/* Begin PBXProject section */
		1C67D11C2AE02C8F009F4A60 /* Project object */ = {
			isa = PBXProject;
			attributes = {
				BuildIndependentTargetsInParallel = 1;
				LastSwiftUpdateCheck = 1500;
				LastUpgradeCheck = 1500;
				TargetAttributes = {
					1C67D1232AE02C8F009F4A60 = {
						CreatedOnToolsVersion = 15.0;
					};
					1C67D1332AE02C90009F4A60 = {
						CreatedOnToolsVersion = 15.0;
						TestTargetID = 1C67D1232AE02C8F009F4A60;
					};
					1C67D13D2AE02C90009F4A60 = {
						CreatedOnToolsVersion = 15.0;
						TestTargetID = 1C67D1232AE02C8F009F4A60;
					};
					1C67D1832AE032AB009F4A60 = {
						CreatedOnToolsVersion = 15.0;
					};
				};
			};
			buildConfigurationList = 1C67D11F2AE02C8F009F4A60 /* Build configuration list for PBXProject "Telescopure" */;
			compatibilityVersion = "Xcode 14.0";
			developmentRegion = en;
			hasScannedForEncodings = 0;
			knownRegions = (
				en,
				Base,
				ja,
			);
			mainGroup = 1C67D11B2AE02C8F009F4A60;
			productRefGroup = 1C67D1252AE02C8F009F4A60 /* Products */;
			projectDirPath = "";
			projectRoot = "";
			targets = (
				1C67D1232AE02C8F009F4A60 /* Telescopure */,
				1C67D1332AE02C90009F4A60 /* TelescopureTests */,
				1C67D13D2AE02C90009F4A60 /* TelescopureUITests */,
				1C67D1832AE032AB009F4A60 /* TelescopureShare */,
			);
		};
/* End PBXProject section */

/* Begin PBXResourcesBuildPhase section */
		1C67D1222AE02C8F009F4A60 /* Resources */ = {
			isa = PBXResourcesBuildPhase;
			buildActionMask = 2147483647;
			files = (
				1CE7245B2AF509B5000B24EC /* error.html in Resources */,
				1C67D12F2AE02C90009F4A60 /* Preview Assets.xcassets in Resources */,
				1C67D1A82AE03937009F4A60 /* InfoPlist.xcstrings in Resources */,
				1C67D17A2AE02F4C009F4A60 /* Settings.bundle in Resources */,
				1C67D1A62AE0366C009F4A60 /* Localizable.xcstrings in Resources */,
				1C67D12C2AE02C90009F4A60 /* Assets.xcassets in Resources */,
			);
			runOnlyForDeploymentPostprocessing = 0;
		};
		1C67D1322AE02C90009F4A60 /* Resources */ = {
			isa = PBXResourcesBuildPhase;
			buildActionMask = 2147483647;
			files = (
			);
			runOnlyForDeploymentPostprocessing = 0;
		};
		1C67D13C2AE02C90009F4A60 /* Resources */ = {
			isa = PBXResourcesBuildPhase;
			buildActionMask = 2147483647;
			files = (
			);
			runOnlyForDeploymentPostprocessing = 0;
		};
		1C67D1822AE032AB009F4A60 /* Resources */ = {
			isa = PBXResourcesBuildPhase;
			buildActionMask = 2147483647;
			files = (
				1C67D1A42AE035D4009F4A60 /* Localizable.xcstrings in Resources */,
				1C67D18A2AE032AB009F4A60 /* MainInterface.storyboard in Resources */,
			);
			runOnlyForDeploymentPostprocessing = 0;
		};
/* End PBXResourcesBuildPhase section */

/* Begin PBXSourcesBuildPhase section */
		1C67D1202AE02C8F009F4A60 /* Sources */ = {
			isa = PBXSourcesBuildPhase;
			buildActionMask = 2147483647;
			files = (
				1C67D1692AE02F04009F4A60 /* ToolBar.swift in Sources */,
				1CE7245D2AF68638000B24EC /* BookmarkViewModel.swift in Sources */,
				1C67D1672AE02F04009F4A60 /* WrappedWKWebView.swift in Sources */,
				1C67D15D2AE02EF7009F4A60 /* String+Extensions.swift in Sources */,
				1C67D1282AE02C8F009F4A60 /* TelescopureApp.swift in Sources */,
				1C67D1732AE02F10009F4A60 /* Bookmark.swift in Sources */,
				1C67D16D2AE02F04009F4A60 /* BookmarkView.swift in Sources */,
				1C67D1742AE02F10009F4A60 /* WebViewModel.swift in Sources */,
				1C67D15E2AE02EF7009F4A60 /* WKWebView+Extension.swift in Sources */,
				1C67D16A2AE02F04009F4A60 /* ShowToolBarButton.swift in Sources */,
				1C67D16C2AE02F04009F4A60 /* BookmarkButtonStyle.swift in Sources */,
				1C67D1682AE02F04009F4A60 /* LogoView.swift in Sources */,
				1C67D1582AE02EED009F4A60 /* DebugLog.swift in Sources */,
				1C67D16B2AE02F04009F4A60 /* SearchBar.swift in Sources */,
				1C67D15C2AE02EF7009F4A60 /* Color+Extensions.swift in Sources */,
				1C67D16E2AE02F04009F4A60 /* WebView.swift in Sources */,
				1C67D1762AE02F10009F4A60 /* WebDialog.swift in Sources */,
				1C67D1752AE02F10009F4A60 /* SearchEngine.swift in Sources */,
			);
			runOnlyForDeploymentPostprocessing = 0;
		};
		1C67D1302AE02C90009F4A60 /* Sources */ = {
			isa = PBXSourcesBuildPhase;
			buildActionMask = 2147483647;
			files = (
				1C67D1392AE02C90009F4A60 /* TelescopureTests.swift in Sources */,
				1C67D17F2AE0323B009F4A60 /* WKWebViewMock.swift in Sources */,
			);
			runOnlyForDeploymentPostprocessing = 0;
		};
		1C67D13A2AE02C90009F4A60 /* Sources */ = {
			isa = PBXSourcesBuildPhase;
			buildActionMask = 2147483647;
			files = (
				1C67D1432AE02C90009F4A60 /* TelescopureUITests.swift in Sources */,
			);
			runOnlyForDeploymentPostprocessing = 0;
		};
		1C67D1802AE032AB009F4A60 /* Sources */ = {
			isa = PBXSourcesBuildPhase;
			buildActionMask = 2147483647;
			files = (
				1C67D1992AE033DF009F4A60 /* ShareView.swift in Sources */,
				1C67D1872AE032AB009F4A60 /* ShareViewController.swift in Sources */,
				1C67D1A12AE033F7009F4A60 /* ShareError.swift in Sources */,
				1C67D1A02AE033F7009F4A60 /* SharedType.swift in Sources */,
				1C67D1A22AE03594009F4A60 /* Color+Extensions.swift in Sources */,
				1C67D19D2AE033F0009F4A60 /* ShareViewModel.swift in Sources */,
				1C67D19B2AE033EA009F4A60 /* ShareViewModelMock.swift in Sources */,
			);
			runOnlyForDeploymentPostprocessing = 0;
		};
/* End PBXSourcesBuildPhase section */

/* Begin PBXTargetDependency section */
		1C67D1362AE02C90009F4A60 /* PBXTargetDependency */ = {
			isa = PBXTargetDependency;
			target = 1C67D1232AE02C8F009F4A60 /* Telescopure */;
			targetProxy = 1C67D1352AE02C90009F4A60 /* PBXContainerItemProxy */;
		};
		1C67D1402AE02C90009F4A60 /* PBXTargetDependency */ = {
			isa = PBXTargetDependency;
			target = 1C67D1232AE02C8F009F4A60 /* Telescopure */;
			targetProxy = 1C67D13F2AE02C90009F4A60 /* PBXContainerItemProxy */;
		};
		1C67D18D2AE032AB009F4A60 /* PBXTargetDependency */ = {
			isa = PBXTargetDependency;
			target = 1C67D1832AE032AB009F4A60 /* TelescopureShare */;
			targetProxy = 1C67D18C2AE032AB009F4A60 /* PBXContainerItemProxy */;
		};
/* End PBXTargetDependency section */

/* Begin PBXVariantGroup section */
		1C67D1882AE032AB009F4A60 /* MainInterface.storyboard */ = {
			isa = PBXVariantGroup;
			children = (
				1C67D1892AE032AB009F4A60 /* Base */,
			);
			name = MainInterface.storyboard;
			sourceTree = "<group>";
		};
/* End PBXVariantGroup section */

/* Begin XCBuildConfiguration section */
		1C67D1462AE02C90009F4A60 /* Debug */ = {
			isa = XCBuildConfiguration;
			buildSettings = {
				ALWAYS_SEARCH_USER_PATHS = NO;
				ASSETCATALOG_COMPILER_GENERATE_SWIFT_ASSET_SYMBOL_EXTENSIONS = YES;
				CLANG_ANALYZER_NONNULL = YES;
				CLANG_ANALYZER_NUMBER_OBJECT_CONVERSION = YES_AGGRESSIVE;
				CLANG_CXX_LANGUAGE_STANDARD = "gnu++20";
				CLANG_ENABLE_MODULES = YES;
				CLANG_ENABLE_OBJC_ARC = YES;
				CLANG_ENABLE_OBJC_WEAK = YES;
				CLANG_WARN_BLOCK_CAPTURE_AUTORELEASING = YES;
				CLANG_WARN_BOOL_CONVERSION = YES;
				CLANG_WARN_COMMA = YES;
				CLANG_WARN_CONSTANT_CONVERSION = YES;
				CLANG_WARN_DEPRECATED_OBJC_IMPLEMENTATIONS = YES;
				CLANG_WARN_DIRECT_OBJC_ISA_USAGE = YES_ERROR;
				CLANG_WARN_DOCUMENTATION_COMMENTS = YES;
				CLANG_WARN_EMPTY_BODY = YES;
				CLANG_WARN_ENUM_CONVERSION = YES;
				CLANG_WARN_INFINITE_RECURSION = YES;
				CLANG_WARN_INT_CONVERSION = YES;
				CLANG_WARN_NON_LITERAL_NULL_CONVERSION = YES;
				CLANG_WARN_OBJC_IMPLICIT_RETAIN_SELF = YES;
				CLANG_WARN_OBJC_LITERAL_CONVERSION = YES;
				CLANG_WARN_OBJC_ROOT_CLASS = YES_ERROR;
				CLANG_WARN_QUOTED_INCLUDE_IN_FRAMEWORK_HEADER = YES;
				CLANG_WARN_RANGE_LOOP_ANALYSIS = YES;
				CLANG_WARN_STRICT_PROTOTYPES = YES;
				CLANG_WARN_SUSPICIOUS_MOVE = YES;
				CLANG_WARN_UNGUARDED_AVAILABILITY = YES_AGGRESSIVE;
				CLANG_WARN_UNREACHABLE_CODE = YES;
				CLANG_WARN__DUPLICATE_METHOD_MATCH = YES;
				COPY_PHASE_STRIP = NO;
				DEBUG_INFORMATION_FORMAT = dwarf;
				ENABLE_STRICT_OBJC_MSGSEND = YES;
				ENABLE_TESTABILITY = YES;
				ENABLE_USER_SCRIPT_SANDBOXING = YES;
				GCC_C_LANGUAGE_STANDARD = gnu17;
				GCC_DYNAMIC_NO_PIC = NO;
				GCC_NO_COMMON_BLOCKS = YES;
				GCC_OPTIMIZATION_LEVEL = 0;
				GCC_PREPROCESSOR_DEFINITIONS = (
					"DEBUG=1",
					"$(inherited)",
				);
				GCC_WARN_64_TO_32_BIT_CONVERSION = YES;
				GCC_WARN_ABOUT_RETURN_TYPE = YES_ERROR;
				GCC_WARN_UNDECLARED_SELECTOR = YES;
				GCC_WARN_UNINITIALIZED_AUTOS = YES_AGGRESSIVE;
				GCC_WARN_UNUSED_FUNCTION = YES;
				GCC_WARN_UNUSED_VARIABLE = YES;
				IPHONEOS_DEPLOYMENT_TARGET = 16.4;
				LOCALIZATION_PREFERS_STRING_CATALOGS = YES;
				MTL_ENABLE_DEBUG_INFO = INCLUDE_SOURCE;
				MTL_FAST_MATH = YES;
				ONLY_ACTIVE_ARCH = YES;
				SDKROOT = iphoneos;
				SWIFT_ACTIVE_COMPILATION_CONDITIONS = "DEBUG $(inherited)";
				SWIFT_OPTIMIZATION_LEVEL = "-Onone";
			};
			name = Debug;
		};
		1C67D1472AE02C90009F4A60 /* Release */ = {
			isa = XCBuildConfiguration;
			buildSettings = {
				ALWAYS_SEARCH_USER_PATHS = NO;
				ASSETCATALOG_COMPILER_GENERATE_SWIFT_ASSET_SYMBOL_EXTENSIONS = YES;
				CLANG_ANALYZER_NONNULL = YES;
				CLANG_ANALYZER_NUMBER_OBJECT_CONVERSION = YES_AGGRESSIVE;
				CLANG_CXX_LANGUAGE_STANDARD = "gnu++20";
				CLANG_ENABLE_MODULES = YES;
				CLANG_ENABLE_OBJC_ARC = YES;
				CLANG_ENABLE_OBJC_WEAK = YES;
				CLANG_WARN_BLOCK_CAPTURE_AUTORELEASING = YES;
				CLANG_WARN_BOOL_CONVERSION = YES;
				CLANG_WARN_COMMA = YES;
				CLANG_WARN_CONSTANT_CONVERSION = YES;
				CLANG_WARN_DEPRECATED_OBJC_IMPLEMENTATIONS = YES;
				CLANG_WARN_DIRECT_OBJC_ISA_USAGE = YES_ERROR;
				CLANG_WARN_DOCUMENTATION_COMMENTS = YES;
				CLANG_WARN_EMPTY_BODY = YES;
				CLANG_WARN_ENUM_CONVERSION = YES;
				CLANG_WARN_INFINITE_RECURSION = YES;
				CLANG_WARN_INT_CONVERSION = YES;
				CLANG_WARN_NON_LITERAL_NULL_CONVERSION = YES;
				CLANG_WARN_OBJC_IMPLICIT_RETAIN_SELF = YES;
				CLANG_WARN_OBJC_LITERAL_CONVERSION = YES;
				CLANG_WARN_OBJC_ROOT_CLASS = YES_ERROR;
				CLANG_WARN_QUOTED_INCLUDE_IN_FRAMEWORK_HEADER = YES;
				CLANG_WARN_RANGE_LOOP_ANALYSIS = YES;
				CLANG_WARN_STRICT_PROTOTYPES = YES;
				CLANG_WARN_SUSPICIOUS_MOVE = YES;
				CLANG_WARN_UNGUARDED_AVAILABILITY = YES_AGGRESSIVE;
				CLANG_WARN_UNREACHABLE_CODE = YES;
				CLANG_WARN__DUPLICATE_METHOD_MATCH = YES;
				COPY_PHASE_STRIP = NO;
				DEBUG_INFORMATION_FORMAT = "dwarf-with-dsym";
				ENABLE_NS_ASSERTIONS = NO;
				ENABLE_STRICT_OBJC_MSGSEND = YES;
				ENABLE_USER_SCRIPT_SANDBOXING = YES;
				GCC_C_LANGUAGE_STANDARD = gnu17;
				GCC_NO_COMMON_BLOCKS = YES;
				GCC_WARN_64_TO_32_BIT_CONVERSION = YES;
				GCC_WARN_ABOUT_RETURN_TYPE = YES_ERROR;
				GCC_WARN_UNDECLARED_SELECTOR = YES;
				GCC_WARN_UNINITIALIZED_AUTOS = YES_AGGRESSIVE;
				GCC_WARN_UNUSED_FUNCTION = YES;
				GCC_WARN_UNUSED_VARIABLE = YES;
				IPHONEOS_DEPLOYMENT_TARGET = 16.4;
				LOCALIZATION_PREFERS_STRING_CATALOGS = YES;
				MTL_ENABLE_DEBUG_INFO = NO;
				MTL_FAST_MATH = YES;
				SDKROOT = iphoneos;
				SWIFT_COMPILATION_MODE = wholemodule;
				VALIDATE_PRODUCT = YES;
			};
			name = Release;
		};
		1C67D1492AE02C90009F4A60 /* Debug */ = {
			isa = XCBuildConfiguration;
			buildSettings = {
				ALWAYS_EMBED_SWIFT_STANDARD_LIBRARIES = YES;
				ASSETCATALOG_COMPILER_APPICON_NAME = AppIcon;
				ASSETCATALOG_COMPILER_GLOBAL_ACCENT_COLOR_NAME = AccentColor;
				CODE_SIGN_STYLE = Automatic;
				CURRENT_PROJECT_VERSION = 1.3.0;
				DEVELOPMENT_ASSET_PATHS = "\"Telescopure/Preview Content\"";
				DEVELOPMENT_TEAM = VJ5N2X84K8;
				ENABLE_PREVIEWS = YES;
				GENERATE_INFOPLIST_FILE = YES;
				INFOPLIST_FILE = Telescopure/Info.plist;
				INFOPLIST_KEY_NSCameraUsageDescription = "This application needs to access your camera for uploading photos/videos.";
				INFOPLIST_KEY_NSLocationWhenInUseUsageDescription = "This application needs to access your current location.";
				INFOPLIST_KEY_NSMicrophoneUsageDescription = "This application needs to access your microphone for uploading videos.";
				INFOPLIST_KEY_NSPhotoLibraryAddUsageDescription = "This application needs to access your photo library for saving photos/videos.";
				INFOPLIST_KEY_UIApplicationSceneManifest_Generation = YES;
				INFOPLIST_KEY_UIApplicationSupportsIndirectInputEvents = YES;
				INFOPLIST_KEY_UISupportedInterfaceOrientations_iPad = "UIInterfaceOrientationPortrait UIInterfaceOrientationPortraitUpsideDown UIInterfaceOrientationLandscapeLeft UIInterfaceOrientationLandscapeRight";
				INFOPLIST_KEY_UISupportedInterfaceOrientations_iPhone = "UIInterfaceOrientationPortrait UIInterfaceOrientationLandscapeLeft UIInterfaceOrientationLandscapeRight";
				LD_RUNPATH_SEARCH_PATHS = (
					"$(inherited)",
					"@executable_path/Frameworks",
				);
				MARKETING_VERSION = 1.3;
				PRODUCT_BUNDLE_IDENTIFIER = com.kyome.MinBrowser;
				PRODUCT_NAME = "$(TARGET_NAME)";
				SUPPORTED_PLATFORMS = "iphoneos iphonesimulator";
				SUPPORTS_MACCATALYST = NO;
				SUPPORTS_MAC_DESIGNED_FOR_IPHONE_IPAD = NO;
				SWIFT_EMIT_LOC_STRINGS = YES;
				SWIFT_VERSION = 5.0;
				TARGETED_DEVICE_FAMILY = "1,2";
			};
			name = Debug;
		};
		1C67D14A2AE02C90009F4A60 /* Release */ = {
			isa = XCBuildConfiguration;
			buildSettings = {
				ALWAYS_EMBED_SWIFT_STANDARD_LIBRARIES = YES;
				ASSETCATALOG_COMPILER_APPICON_NAME = AppIcon;
				ASSETCATALOG_COMPILER_GLOBAL_ACCENT_COLOR_NAME = AccentColor;
				CODE_SIGN_STYLE = Automatic;
				CURRENT_PROJECT_VERSION = 1.3.0;
				DEVELOPMENT_ASSET_PATHS = "\"Telescopure/Preview Content\"";
				DEVELOPMENT_TEAM = VJ5N2X84K8;
				ENABLE_PREVIEWS = YES;
				GENERATE_INFOPLIST_FILE = YES;
				INFOPLIST_FILE = Telescopure/Info.plist;
				INFOPLIST_KEY_NSCameraUsageDescription = "This application needs to access your camera for uploading photos/videos.";
				INFOPLIST_KEY_NSLocationWhenInUseUsageDescription = "This application needs to access your current location.";
				INFOPLIST_KEY_NSMicrophoneUsageDescription = "This application needs to access your microphone for uploading videos.";
				INFOPLIST_KEY_NSPhotoLibraryAddUsageDescription = "This application needs to access your photo library for saving photos/videos.";
				INFOPLIST_KEY_UIApplicationSceneManifest_Generation = YES;
				INFOPLIST_KEY_UIApplicationSupportsIndirectInputEvents = YES;
				INFOPLIST_KEY_UISupportedInterfaceOrientations_iPad = "UIInterfaceOrientationPortrait UIInterfaceOrientationPortraitUpsideDown UIInterfaceOrientationLandscapeLeft UIInterfaceOrientationLandscapeRight";
				INFOPLIST_KEY_UISupportedInterfaceOrientations_iPhone = "UIInterfaceOrientationPortrait UIInterfaceOrientationLandscapeLeft UIInterfaceOrientationLandscapeRight";
				LD_RUNPATH_SEARCH_PATHS = (
					"$(inherited)",
					"@executable_path/Frameworks",
				);
				MARKETING_VERSION = 1.3;
				PRODUCT_BUNDLE_IDENTIFIER = com.kyome.MinBrowser;
				PRODUCT_NAME = "$(TARGET_NAME)";
				SUPPORTED_PLATFORMS = "iphoneos iphonesimulator";
				SUPPORTS_MACCATALYST = NO;
				SUPPORTS_MAC_DESIGNED_FOR_IPHONE_IPAD = NO;
				SWIFT_EMIT_LOC_STRINGS = YES;
				SWIFT_VERSION = 5.0;
				TARGETED_DEVICE_FAMILY = "1,2";
			};
			name = Release;
		};
		1C67D14C2AE02C90009F4A60 /* Debug */ = {
			isa = XCBuildConfiguration;
			buildSettings = {
				ALWAYS_EMBED_SWIFT_STANDARD_LIBRARIES = YES;
				BUNDLE_LOADER = "$(TEST_HOST)";
				CODE_SIGN_STYLE = Automatic;
				CURRENT_PROJECT_VERSION = 1;
				DEVELOPMENT_TEAM = VJ5N2X84K8;
				GENERATE_INFOPLIST_FILE = YES;
				MARKETING_VERSION = 1.0;
				PRODUCT_BUNDLE_IDENTIFIER = com.kyome.TelescopureTests;
				PRODUCT_NAME = "$(TARGET_NAME)";
				SUPPORTED_PLATFORMS = "iphoneos iphonesimulator";
				SUPPORTS_MACCATALYST = NO;
				SUPPORTS_MAC_DESIGNED_FOR_IPHONE_IPAD = NO;
				SWIFT_EMIT_LOC_STRINGS = NO;
				SWIFT_VERSION = 5.0;
				TARGETED_DEVICE_FAMILY = "1,2";
				TEST_HOST = "$(BUILT_PRODUCTS_DIR)/Telescopure.app/$(BUNDLE_EXECUTABLE_FOLDER_PATH)/Telescopure";
			};
			name = Debug;
		};
		1C67D14D2AE02C90009F4A60 /* Release */ = {
			isa = XCBuildConfiguration;
			buildSettings = {
				ALWAYS_EMBED_SWIFT_STANDARD_LIBRARIES = YES;
				BUNDLE_LOADER = "$(TEST_HOST)";
				CODE_SIGN_STYLE = Automatic;
				CURRENT_PROJECT_VERSION = 1;
				DEVELOPMENT_TEAM = VJ5N2X84K8;
				GENERATE_INFOPLIST_FILE = YES;
				MARKETING_VERSION = 1.0;
				PRODUCT_BUNDLE_IDENTIFIER = com.kyome.TelescopureTests;
				PRODUCT_NAME = "$(TARGET_NAME)";
				SUPPORTED_PLATFORMS = "iphoneos iphonesimulator";
				SUPPORTS_MACCATALYST = NO;
				SUPPORTS_MAC_DESIGNED_FOR_IPHONE_IPAD = NO;
				SWIFT_EMIT_LOC_STRINGS = NO;
				SWIFT_VERSION = 5.0;
				TARGETED_DEVICE_FAMILY = "1,2";
				TEST_HOST = "$(BUILT_PRODUCTS_DIR)/Telescopure.app/$(BUNDLE_EXECUTABLE_FOLDER_PATH)/Telescopure";
			};
			name = Release;
		};
		1C67D14F2AE02C90009F4A60 /* Debug */ = {
			isa = XCBuildConfiguration;
			buildSettings = {
				ALWAYS_EMBED_SWIFT_STANDARD_LIBRARIES = YES;
				CODE_SIGN_STYLE = Automatic;
				CURRENT_PROJECT_VERSION = 1;
				DEVELOPMENT_TEAM = VJ5N2X84K8;
				GENERATE_INFOPLIST_FILE = YES;
				MARKETING_VERSION = 1.0;
				PRODUCT_BUNDLE_IDENTIFIER = com.kyome.TelescopureUITests;
				PRODUCT_NAME = "$(TARGET_NAME)";
				SUPPORTED_PLATFORMS = "iphoneos iphonesimulator";
				SUPPORTS_MACCATALYST = NO;
				SUPPORTS_MAC_DESIGNED_FOR_IPHONE_IPAD = NO;
				SWIFT_EMIT_LOC_STRINGS = NO;
				SWIFT_VERSION = 5.0;
				TARGETED_DEVICE_FAMILY = "1,2";
				TEST_TARGET_NAME = Telescopure;
			};
			name = Debug;
		};
		1C67D1502AE02C90009F4A60 /* Release */ = {
			isa = XCBuildConfiguration;
			buildSettings = {
				ALWAYS_EMBED_SWIFT_STANDARD_LIBRARIES = YES;
				CODE_SIGN_STYLE = Automatic;
				CURRENT_PROJECT_VERSION = 1;
				DEVELOPMENT_TEAM = VJ5N2X84K8;
				GENERATE_INFOPLIST_FILE = YES;
				MARKETING_VERSION = 1.0;
				PRODUCT_BUNDLE_IDENTIFIER = com.kyome.TelescopureUITests;
				PRODUCT_NAME = "$(TARGET_NAME)";
				SUPPORTED_PLATFORMS = "iphoneos iphonesimulator";
				SUPPORTS_MACCATALYST = NO;
				SUPPORTS_MAC_DESIGNED_FOR_IPHONE_IPAD = NO;
				SWIFT_EMIT_LOC_STRINGS = NO;
				SWIFT_VERSION = 5.0;
				TARGETED_DEVICE_FAMILY = "1,2";
				TEST_TARGET_NAME = Telescopure;
			};
			name = Release;
		};
		1C67D1902AE032AB009F4A60 /* Debug */ = {
			isa = XCBuildConfiguration;
			buildSettings = {
				CODE_SIGN_STYLE = Automatic;
				CURRENT_PROJECT_VERSION = 1.3.0;
				DEVELOPMENT_TEAM = VJ5N2X84K8;
				GENERATE_INFOPLIST_FILE = YES;
				INFOPLIST_FILE = TelescopureShare/Info.plist;
				INFOPLIST_KEY_CFBundleDisplayName = TelescopureShare;
				INFOPLIST_KEY_NSHumanReadableCopyright = "";
				LD_RUNPATH_SEARCH_PATHS = (
					"$(inherited)",
					"@executable_path/Frameworks",
					"@executable_path/../../Frameworks",
				);
				MARKETING_VERSION = 1.3;
				PRODUCT_BUNDLE_IDENTIFIER = com.kyome.MinBrowser.TelescopureShare;
				PRODUCT_NAME = "$(TARGET_NAME)";
				SKIP_INSTALL = YES;
				SUPPORTED_PLATFORMS = "iphoneos iphonesimulator";
				SUPPORTS_MACCATALYST = NO;
				SUPPORTS_MAC_DESIGNED_FOR_IPHONE_IPAD = NO;
				SWIFT_EMIT_LOC_STRINGS = YES;
				SWIFT_VERSION = 5.0;
				TARGETED_DEVICE_FAMILY = "1,2";
			};
			name = Debug;
		};
		1C67D1912AE032AB009F4A60 /* Release */ = {
			isa = XCBuildConfiguration;
			buildSettings = {
				CODE_SIGN_STYLE = Automatic;
				CURRENT_PROJECT_VERSION = 1.3.0;
				DEVELOPMENT_TEAM = VJ5N2X84K8;
				GENERATE_INFOPLIST_FILE = YES;
				INFOPLIST_FILE = TelescopureShare/Info.plist;
				INFOPLIST_KEY_CFBundleDisplayName = TelescopureShare;
				INFOPLIST_KEY_NSHumanReadableCopyright = "";
				LD_RUNPATH_SEARCH_PATHS = (
					"$(inherited)",
					"@executable_path/Frameworks",
					"@executable_path/../../Frameworks",
				);
				MARKETING_VERSION = 1.3;
				PRODUCT_BUNDLE_IDENTIFIER = com.kyome.MinBrowser.TelescopureShare;
				PRODUCT_NAME = "$(TARGET_NAME)";
				SKIP_INSTALL = YES;
				SUPPORTED_PLATFORMS = "iphoneos iphonesimulator";
				SUPPORTS_MACCATALYST = NO;
				SUPPORTS_MAC_DESIGNED_FOR_IPHONE_IPAD = NO;
				SWIFT_EMIT_LOC_STRINGS = YES;
				SWIFT_VERSION = 5.0;
				TARGETED_DEVICE_FAMILY = "1,2";
			};
			name = Release;
		};
/* End XCBuildConfiguration section */

/* Begin XCConfigurationList section */
		1C67D11F2AE02C8F009F4A60 /* Build configuration list for PBXProject "Telescopure" */ = {
			isa = XCConfigurationList;
			buildConfigurations = (
				1C67D1462AE02C90009F4A60 /* Debug */,
				1C67D1472AE02C90009F4A60 /* Release */,
			);
			defaultConfigurationIsVisible = 0;
			defaultConfigurationName = Release;
		};
		1C67D1482AE02C90009F4A60 /* Build configuration list for PBXNativeTarget "Telescopure" */ = {
			isa = XCConfigurationList;
			buildConfigurations = (
				1C67D1492AE02C90009F4A60 /* Debug */,
				1C67D14A2AE02C90009F4A60 /* Release */,
			);
			defaultConfigurationIsVisible = 0;
			defaultConfigurationName = Release;
		};
		1C67D14B2AE02C90009F4A60 /* Build configuration list for PBXNativeTarget "TelescopureTests" */ = {
			isa = XCConfigurationList;
			buildConfigurations = (
				1C67D14C2AE02C90009F4A60 /* Debug */,
				1C67D14D2AE02C90009F4A60 /* Release */,
			);
			defaultConfigurationIsVisible = 0;
			defaultConfigurationName = Release;
		};
		1C67D14E2AE02C90009F4A60 /* Build configuration list for PBXNativeTarget "TelescopureUITests" */ = {
			isa = XCConfigurationList;
			buildConfigurations = (
				1C67D14F2AE02C90009F4A60 /* Debug */,
				1C67D1502AE02C90009F4A60 /* Release */,
			);
			defaultConfigurationIsVisible = 0;
			defaultConfigurationName = Release;
		};
		1C67D18F2AE032AB009F4A60 /* Build configuration list for PBXNativeTarget "TelescopureShare" */ = {
			isa = XCConfigurationList;
			buildConfigurations = (
				1C67D1902AE032AB009F4A60 /* Debug */,
				1C67D1912AE032AB009F4A60 /* Release */,
			);
			defaultConfigurationIsVisible = 0;
			defaultConfigurationName = Release;
		};
/* End XCConfigurationList section */
	};
	rootObject = 1C67D11C2AE02C8F009F4A60 /* Project object */;
}
